// !$*UTF8*$!
{
	archiveVersion = 1;
	classes = {
	};
	objectVersion = 51;
	objects = {

/* Begin PBXBuildFile section */
		37CD14D8EF4E8005F2AED9F5 /* Pods_RJTranslate_App.framework in Frameworks */ = {isa = PBXBuildFile; fileRef = CC0CE3AB29A7AC8854CC9D3A /* Pods_RJTranslate_App.framework */; };
		A511A67821B185E7003D4244 /* PreferenceGroup.swift in Sources */ = {isa = PBXBuildFile; fileRef = A511A67721B185E7003D4244 /* PreferenceGroup.swift */; };
		A511A67A21B18ABA003D4244 /* Preference.swift in Sources */ = {isa = PBXBuildFile; fileRef = A511A67921B18ABA003D4244 /* Preference.swift */; };
		A511A67C21B19FFC003D4244 /* PreferencesTableModel.swift in Sources */ = {isa = PBXBuildFile; fileRef = A511A67B21B19FFC003D4244 /* PreferencesTableModel.swift */; };
		A5196B7A21D0BB3200201DEF /* CollectionHeaderLabel.swift in Sources */ = {isa = PBXBuildFile; fileRef = A5196B7921D0BB3200201DEF /* CollectionHeaderLabel.swift */; };
		A521020321EB2E6300D95AA8 /* AppCollectionLayout.swift in Sources */ = {isa = PBXBuildFile; fileRef = A521020221EB2E6300D95AA8 /* AppCollectionLayout.swift */; };
		A521637321EA5EE100815C8B /* GradientLayer.swift in Sources */ = {isa = PBXBuildFile; fileRef = A521637221EA5EE100815C8B /* GradientLayer.swift */; };
		A522F1D3217AFC300085A5E4 /* Main.storyboard in Resources */ = {isa = PBXBuildFile; fileRef = A522F1D1217AFC300085A5E4 /* Main.storyboard */; };
		A522F1D5217AFC310085A5E4 /* Assets.xcassets in Resources */ = {isa = PBXBuildFile; fileRef = A522F1D4217AFC310085A5E4 /* Assets.xcassets */; };
		A522F1D8217AFC310085A5E4 /* LaunchScreen.storyboard in Resources */ = {isa = PBXBuildFile; fileRef = A522F1D6217AFC310085A5E4 /* LaunchScreen.storyboard */; };
		A52D551D21EBC552003EDEE4 /* AppCollectionEmptySource.swift in Sources */ = {isa = PBXBuildFile; fileRef = A52D551C21EBC552003EDEE4 /* AppCollectionEmptySource.swift */; };
		A52D551F21EBC703003EDEE4 /* GradientImageRenderer.swift in Sources */ = {isa = PBXBuildFile; fileRef = A52D551E21EBC703003EDEE4 /* GradientImageRenderer.swift */; };
		A53225CE21F88F3300AB7D46 /* SearchResultsTableModel.swift in Sources */ = {isa = PBXBuildFile; fileRef = A53225CD21F88F3300AB7D46 /* SearchResultsTableModel.swift */; };
		A53225D021F8AE9A00AB7D46 /* LiveSearchOperation.swift in Sources */ = {isa = PBXBuildFile; fileRef = A53225CF21F8AE9A00AB7D46 /* LiveSearchOperation.swift */; };
		A53225D221F8D4D600AB7D46 /* AsynchronousOperation.swift in Sources */ = {isa = PBXBuildFile; fileRef = A53225D121F8D4D600AB7D46 /* AsynchronousOperation.swift */; };
		A53225D421F8E4C100AB7D46 /* SearchResultCell.swift in Sources */ = {isa = PBXBuildFile; fileRef = A53225D321F8E4C100AB7D46 /* SearchResultCell.swift */; };
		A53533FF217A57ED00E08881 /* Foundation.framework in Frameworks */ = {isa = PBXBuildFile; fileRef = A53533FE217A57ED00E08881 /* Foundation.framework */; };
		A5353402217A57ED00E08881 /* RJTranslate.m in Sources */ = {isa = PBXBuildFile; fileRef = A5353401217A57ED00E08881 /* RJTranslate.m */; };
		A5353411217A584500E08881 /* RJTranslate.xcdatamodeld in Sources */ = {isa = PBXBuildFile; fileRef = A535340F217A584500E08881 /* RJTranslate.xcdatamodeld */; };
		A5353417217A595200E08881 /* RJTApplicationEntity.h in Headers */ = {isa = PBXBuildFile; fileRef = A5353413217A595200E08881 /* RJTApplicationEntity.h */; };
		A5353418217A595200E08881 /* RJTApplicationEntity.m in Sources */ = {isa = PBXBuildFile; fileRef = A5353414217A595200E08881 /* RJTApplicationEntity.m */; };
		A535341C217A5A2800E08881 /* RJTDatabase.h in Headers */ = {isa = PBXBuildFile; fileRef = A535341A217A5A2800E08881 /* RJTDatabase.h */; };
		A535341D217A5A2800E08881 /* RJTDatabase.m in Sources */ = {isa = PBXBuildFile; fileRef = A535341B217A5A2800E08881 /* RJTDatabase.m */; };
		A53C93CB22104E9E00C80A1C /* TitleValuePreference.swift in Sources */ = {isa = PBXBuildFile; fileRef = A53C93CA22104E9E00C80A1C /* TitleValuePreference.swift */; };
		A53C93CD22104F3100C80A1C /* PreferenceTitleValueCell.swift in Sources */ = {isa = PBXBuildFile; fileRef = A53C93CC22104F3100C80A1C /* PreferenceTitleValueCell.swift */; };
		A53CC72F21E0BE4A00848785 /* HTTPClient.swift in Sources */ = {isa = PBXBuildFile; fileRef = A53CC72E21E0BE4A00848785 /* HTTPClient.swift */; };
		A53CC73321E0C34200848785 /* HTTPClientFacilities.swift in Sources */ = {isa = PBXBuildFile; fileRef = A53CC73221E0C34200848785 /* HTTPClientFacilities.swift */; };
		A53CC73521E0C38A00848785 /* HTTPTask.swift in Sources */ = {isa = PBXBuildFile; fileRef = A53CC73421E0C38A00848785 /* HTTPTask.swift */; };
		A53CC73721E0C52200848785 /* HTTPRequestBuilder.swift in Sources */ = {isa = PBXBuildFile; fileRef = A53CC73621E0C52200848785 /* HTTPRequestBuilder.swift */; };
		A53CC73A21E1285E00848785 /* HTTPClientDelegateObject.swift in Sources */ = {isa = PBXBuildFile; fileRef = A53CC73921E1285E00848785 /* HTTPClientDelegateObject.swift */; };
		A5438B8C22081DB10077D988 /* UINavigationBar+RJTExtended.m in Sources */ = {isa = PBXBuildFile; fileRef = A5438B8B22081DB10077D988 /* UINavigationBar+RJTExtended.m */; };
		A545D85E21847AE90072674C /* Localizable.strings in Resources */ = {isa = PBXBuildFile; fileRef = A545D86021847AE90072674C /* Localizable.strings */; };
		A54EBFAC21B2725C0086B7DD /* AppDelegate.swift in Sources */ = {isa = PBXBuildFile; fileRef = A54EBFAB21B2725C0086B7DD /* AppDelegate.swift */; };
		A54EBFCC21B293880086B7DD /* Tracker.swift in Sources */ = {isa = PBXBuildFile; fileRef = A54EBFCB21B293880086B7DD /* Tracker.swift */; };
		A54EBFCE21B2997C0086B7DD /* AppCollectionCell.swift in Sources */ = {isa = PBXBuildFile; fileRef = A54EBFCD21B2997C0086B7DD /* AppCollectionCell.swift */; };
		A54F28C921EF2FB7002075C5 /* ColorScheme.swift in Sources */ = {isa = PBXBuildFile; fileRef = A54F28C821EF2FB7002075C5 /* ColorScheme.swift */; };
		A54F28CB21EF3A5A002075C5 /* UIColorConveniences.swift in Sources */ = {isa = PBXBuildFile; fileRef = A54F28CA21EF3A5A002075C5 /* UIColorConveniences.swift */; };
		A54F28CD21EF4F55002075C5 /* TickView.swift in Sources */ = {isa = PBXBuildFile; fileRef = A54F28CC21EF4F55002075C5 /* TickView.swift */; };
		A5515BD921AE9D2F00C7BFC4 /* PreferenceSwitchCell.swift in Sources */ = {isa = PBXBuildFile; fileRef = A5515BD821AE9D2F00C7BFC4 /* PreferenceSwitchCell.swift */; };
		A55AD3722201E8A5003ED998 /* PreferenceButtonCell.swift in Sources */ = {isa = PBXBuildFile; fileRef = A55AD3712201E8A5003ED998 /* PreferenceButtonCell.swift */; };
		A55AD37422020340003ED998 /* StorablePreference.swift in Sources */ = {isa = PBXBuildFile; fileRef = A55AD37322020340003ED998 /* StorablePreference.swift */; };
		A55AD3762202035A003ED998 /* ButtonPreference.swift in Sources */ = {isa = PBXBuildFile; fileRef = A55AD3752202035A003ED998 /* ButtonPreference.swift */; };
		A55DA43D2201ABC2002DAEA3 /* SearchResultsEmptySource.swift in Sources */ = {isa = PBXBuildFile; fileRef = A55DA43C2201ABC2002DAEA3 /* SearchResultsEmptySource.swift */; };
		A56856BC21FDAD2B007D1B08 /* ImageCache.swift in Sources */ = {isa = PBXBuildFile; fileRef = A56856BB21FDAD2B007D1B08 /* ImageCache.swift */; };
		A56856C021FDD75C007D1B08 /* TabbarController.swift in Sources */ = {isa = PBXBuildFile; fileRef = A56856BF21FDD75C007D1B08 /* TabbarController.swift */; };
		A56856C221FDDF0E007D1B08 /* NavigationController.swift in Sources */ = {isa = PBXBuildFile; fileRef = A56856C121FDDF0E007D1B08 /* NavigationController.swift */; };
		A56856C421FDE821007D1B08 /* TranslationDetailView.swift in Sources */ = {isa = PBXBuildFile; fileRef = A56856C321FDE821007D1B08 /* TranslationDetailView.swift */; };
		A56FCF2621F9C12A006671A1 /* TranslationDetailController.swift in Sources */ = {isa = PBXBuildFile; fileRef = A56FCF2521F9C12A006671A1 /* TranslationDetailController.swift */; };
		A56FCF2821FA231A006671A1 /* TranslationModelExtended.swift in Sources */ = {isa = PBXBuildFile; fileRef = A56FCF2721FA231A006671A1 /* TranslationModelExtended.swift */; };
		A56FE2AE2208A372008997FF /* NSSortDescriptor+RJTExtended.h in Headers */ = {isa = PBXBuildFile; fileRef = A56FE2AC2208A372008997FF /* NSSortDescriptor+RJTExtended.h */; };
		A56FE2AF2208A372008997FF /* NSSortDescriptor+RJTExtended.m in Sources */ = {isa = PBXBuildFile; fileRef = A56FE2AD2208A372008997FF /* NSSortDescriptor+RJTExtended.m */; };
		A56FE2B02208A408008997FF /* RJTDatabaseAppFacade.m in Sources */ = {isa = PBXBuildFile; fileRef = A56FE2A92208A224008997FF /* RJTDatabaseAppFacade.m */; };
		A56FE2B22208A70A008997FF /* TranslationModel.swift in Sources */ = {isa = PBXBuildFile; fileRef = A56FE2B12208A70A008997FF /* TranslationModel.swift */; };
		A56FE2B32208B5F1008997FF /* NSSortDescriptor+RJTExtended.m in Sources */ = {isa = PBXBuildFile; fileRef = A56FE2AD2208A372008997FF /* NSSortDescriptor+RJTExtended.m */; };
		A56FE2B62208B83C008997FF /* RJTUtilities.m in Sources */ = {isa = PBXBuildFile; fileRef = A56FE2B52208B83C008997FF /* RJTUtilities.m */; };
		A57104CE21F30D3600C829DD /* FeaturedController.swift in Sources */ = {isa = PBXBuildFile; fileRef = A57104CD21F30D3600C829DD /* FeaturedController.swift */; };
		A57104D021F311DC00C829DD /* AppCollectionDelegate.swift in Sources */ = {isa = PBXBuildFile; fileRef = A581C57F21F0A9A700DD2662 /* AppCollectionDelegate.swift */; };
		A57104D121F320C000C829DD /* TranslateMainController.swift in Sources */ = {isa = PBXBuildFile; fileRef = A54A335D21B3CBA40064D648 /* TranslateMainController.swift */; };
		A57104D221F32C2600C829DD /* AppCollectionView.swift in Sources */ = {isa = PBXBuildFile; fileRef = A5196B7B21D0BF2200201DEF /* AppCollectionView.swift */; };
		A57104D721F3368300C829DD /* AppCollectionModel.swift in Sources */ = {isa = PBXBuildFile; fileRef = A57104D621F3368300C829DD /* AppCollectionModel.swift */; };
		A5763DA121823B4300C7F82A /* PrefixHeader.pch in Headers */ = {isa = PBXBuildFile; fileRef = A5763DA021823B4300C7F82A /* PrefixHeader.pch */; };
		A57C40AA218A029200885834 /* RJTOperationQueue.h in Headers */ = {isa = PBXBuildFile; fileRef = A57C40A8218A029200885834 /* RJTOperationQueue.h */; };
		A57C40AB218A029200885834 /* RJTOperationQueue.m in Sources */ = {isa = PBXBuildFile; fileRef = A57C40A9218A029200885834 /* RJTOperationQueue.m */; };
		A57C40AC218A061300885834 /* RJTOperationQueue.m in Sources */ = {isa = PBXBuildFile; fileRef = A57C40A9218A029200885834 /* RJTOperationQueue.m */; };
		A57CF73A217AFFC8004A71F8 /* RJTDatabase.m in Sources */ = {isa = PBXBuildFile; fileRef = A535341B217A5A2800E08881 /* RJTDatabase.m */; };
		A57CF73B217AFFD0004A71F8 /* RJTApplicationEntity.m in Sources */ = {isa = PBXBuildFile; fileRef = A5353414217A595200E08881 /* RJTApplicationEntity.m */; };
		A58659952192CCE600A76A6C /* RJTSupport.m in Sources */ = {isa = PBXBuildFile; fileRef = A58659942192CCE600A76A6C /* RJTSupport.m */; };
		A58659962192CCE600A76A6C /* RJTSupport.m in Sources */ = {isa = PBXBuildFile; fileRef = A58659942192CCE600A76A6C /* RJTSupport.m */; };
		A59521FB21F3A08600E5F130 /* HTTPClientPinning.swift in Sources */ = {isa = PBXBuildFile; fileRef = A59521FA21F3A08600E5F130 /* HTTPClientPinning.swift */; };
		A5975EB021F72B9D00D25FFA /* SearchResultsTableView.swift in Sources */ = {isa = PBXBuildFile; fileRef = A5975EAF21F72B9D00D25FFA /* SearchResultsTableView.swift */; };
		A5975EB421F7300300D25FFA /* LiveSearchResultsController.swift in Sources */ = {isa = PBXBuildFile; fileRef = A5975EB321F7300300D25FFA /* LiveSearchResultsController.swift */; };
		A59836FB22116B3A00BFF9D5 /* NotificationConveniences.swift in Sources */ = {isa = PBXBuildFile; fileRef = A59836FA22116B3A00BFF9D5 /* NotificationConveniences.swift */; };
		A5ADC030218508A400C33863 /* Cydia_icon.png in Resources */ = {isa = PBXBuildFile; fileRef = A5ADC02F218508A400C33863 /* Cydia_icon.png */; };
		A5B74C2021E4A9600058C71A /* RJTDatabaseFacade.h in Headers */ = {isa = PBXBuildFile; fileRef = A5E80C8521E3300500150B5D /* RJTDatabaseFacade.h */; };
		A5B74C2121E4A9600058C71A /* RJTDatabaseFacade.m in Sources */ = {isa = PBXBuildFile; fileRef = A5E80C8621E3300500150B5D /* RJTDatabaseFacade.m */; };
		A5B74C2521E4CD6E0058C71A /* ObsoleteSearchController.swift in Sources */ = {isa = PBXBuildFile; fileRef = A5B74C2421E4CD6E0058C71A /* ObsoleteSearchController.swift */; };
		A5B74C2721E4CDA10058C71A /* SearchConveniences.swift in Sources */ = {isa = PBXBuildFile; fileRef = A5B74C2621E4CDA10058C71A /* SearchConveniences.swift */; };
		A5B74C2A21E4D0390058C71A /* ButtonedSearchBar.swift in Sources */ = {isa = PBXBuildFile; fileRef = A5B74C2921E4D0390058C71A /* ButtonedSearchBar.swift */; };
		A5B74C2C21E4D14A0058C71A /* NavigationBar.swift in Sources */ = {isa = PBXBuildFile; fileRef = A5B74C2B21E4D14A0058C71A /* NavigationBar.swift */; };
		A5BC885521B2ACCC00D5C5CF /* ModernSearchController.swift in Sources */ = {isa = PBXBuildFile; fileRef = A5BC885421B2ACCC00D5C5CF /* ModernSearchController.swift */; };
		A5C1FB3B21B258A1007BB861 /* PreferencesController.swift in Sources */ = {isa = PBXBuildFile; fileRef = A5C1FB3A21B258A1007BB861 /* PreferencesController.swift */; };
		A5C4F89521E28D3F000FAC48 /* APIResponses.swift in Sources */ = {isa = PBXBuildFile; fileRef = A5C4F89421E28D3F000FAC48 /* APIResponses.swift */; };
		A5CC12EA2184A2A600A607E3 /* GoogleService-Info.plist in Resources */ = {isa = PBXBuildFile; fileRef = A5CC12E92184A2A600A607E3 /* GoogleService-Info.plist */; };
		A5CFB65921FB8AE700D249B4 /* PinningConveniences.swift in Sources */ = {isa = PBXBuildFile; fileRef = A5CFB65821FB8AE700D249B4 /* PinningConveniences.swift */; };
		A5D2D4BB21F4638A003F0D4F /* Tabbar.swift in Sources */ = {isa = PBXBuildFile; fileRef = A5D2D4BA21F4638A003F0D4F /* Tabbar.swift */; };
		A5D2D4BD21F46CC5003F0D4F /* UIImageConveniences.swift in Sources */ = {isa = PBXBuildFile; fileRef = A5D2D4BC21F46CC5003F0D4F /* UIImageConveniences.swift */; };
		A5D2D4C521F4776A003F0D4F /* Swizzlng.m in Sources */ = {isa = PBXBuildFile; fileRef = A5D2D4C321F476C9003F0D4F /* Swizzlng.m */; };
		A5D2D4C721F48B7F003F0D4F /* GradientView.swift in Sources */ = {isa = PBXBuildFile; fileRef = A5D2D4C621F48B7F003F0D4F /* GradientView.swift */; };
		A5D54CE122074FD200F32C88 /* ShadowedImageView.swift in Sources */ = {isa = PBXBuildFile; fileRef = A5D54CE022074FD200F32C88 /* ShadowedImageView.swift */; };
		A5D9A2FF221020DB00B9ABCD /* PreferencesDebugModel.swift in Sources */ = {isa = PBXBuildFile; fileRef = A5D9A2FE221020DB00B9ABCD /* PreferencesDebugModel.swift */; };
		A5D9A3032210213100B9ABCD /* PreferencesMainModel.swift in Sources */ = {isa = PBXBuildFile; fileRef = A5D9A3022210213100B9ABCD /* PreferencesMainModel.swift */; };
		A5D9A305221025B000B9ABCD /* PreferencesMainController.swift in Sources */ = {isa = PBXBuildFile; fileRef = A5D9A304221025B000B9ABCD /* PreferencesMainController.swift */; };
		A5D9A308221034E500B9ABCD /* PreferencesDebugController.swift in Sources */ = {isa = PBXBuildFile; fileRef = A5D9A307221034E500B9ABCD /* PreferencesDebugController.swift */; };
		A5D9A30C2210362600B9ABCD /* DetailLinkPreference.swift in Sources */ = {isa = PBXBuildFile; fileRef = A5D9A30B2210362600B9ABCD /* DetailLinkPreference.swift */; };
		A5DB00AF21EB238F0009AB0E /* AppCollectionDataSource.swift in Sources */ = {isa = PBXBuildFile; fileRef = A5DB00AE21EB238F0009AB0E /* AppCollectionDataSource.swift */; };
		A5E0BBB2218646A10094ECBC /* RJTHudProgressView.m in Sources */ = {isa = PBXBuildFile; fileRef = A5E0BBB0218646A10094ECBC /* RJTHudProgressView.m */; };
		A5E0BBB3218646A10094ECBC /* RJTHud.m in Sources */ = {isa = PBXBuildFile; fileRef = A5E0BBB1218646A10094ECBC /* RJTHud.m */; };
		A5E80C8921E3317700150B5D /* RJTDatabaseFacade.m in Sources */ = {isa = PBXBuildFile; fileRef = A5E80C8621E3300500150B5D /* RJTDatabaseFacade.m */; };
		A5E80C8B21E360ED00150B5D /* RJTranslate.xcdatamodeld in Sources */ = {isa = PBXBuildFile; fileRef = A535340F217A584500E08881 /* RJTranslate.xcdatamodeld */; };
		A5E80C8D21E365C300150B5D /* TouchResponsiveCollectionCell.swift in Sources */ = {isa = PBXBuildFile; fileRef = A5E80C8C21E365C300150B5D /* TouchResponsiveCollectionCell.swift */; };
		A5E80C8F21E387E100150B5D /* ApplicationConveniences.swift in Sources */ = {isa = PBXBuildFile; fileRef = A5E80C8E21E387E100150B5D /* ApplicationConveniences.swift */; };
		A5EA75422200582400536C7C /* SimpleViewController.swift in Sources */ = {isa = PBXBuildFile; fileRef = A5EA75412200582400536C7C /* SimpleViewController.swift */; };
		A5EC2DB8221038B4009B7949 /* PreferenceDetailLinkCell.swift in Sources */ = {isa = PBXBuildFile; fileRef = A5EC2DB7221038B4009B7949 /* PreferenceDetailLinkCell.swift */; };
		A5EC2DBB221038F0009B7949 /* PreferenceCell.swift in Sources */ = {isa = PBXBuildFile; fileRef = A5EC2DBA221038F0009B7949 /* PreferenceCell.swift */; };
		AD7B4BAE3F32AE9E9BB8B28C /* libPods-RJTranslate.a in Frameworks */ = {isa = PBXBuildFile; fileRef = 4D4BDA7DE4D4549AE0118813 /* libPods-RJTranslate.a */; };
/* End PBXBuildFile section */

/* Begin PBXContainerItemProxy section */
		A5C107D1217E56BE00989BDB /* PBXContainerItemProxy */ = {
			isa = PBXContainerItemProxy;
			containerPortal = A53533F2217A57ED00E08881 /* Project object */;
			proxyType = 1;
			remoteGlobalIDString = A522F1C8217AFC300085A5E4;
			remoteInfo = "RJTranslate-App";
		};
/* End PBXContainerItemProxy section */

/* Begin PBXFileReference section */
		23F227162BB27C6FB1562797 /* Pods-RJTranslate-App.debug_app.xcconfig */ = {isa = PBXFileReference; includeInIndex = 1; lastKnownFileType = text.xcconfig; name = "Pods-RJTranslate-App.debug_app.xcconfig"; path = "Pods/Target Support Files/Pods-RJTranslate-App/Pods-RJTranslate-App.debug_app.xcconfig"; sourceTree = "<group>"; };
		301F222F8ADB8EFC9E44EF59 /* Pods-RJTranslate-App.debug.xcconfig */ = {isa = PBXFileReference; includeInIndex = 1; lastKnownFileType = text.xcconfig; name = "Pods-RJTranslate-App.debug.xcconfig"; path = "Pods/Target Support Files/Pods-RJTranslate-App/Pods-RJTranslate-App.debug.xcconfig"; sourceTree = "<group>"; };
		4D4BDA7DE4D4549AE0118813 /* libPods-RJTranslate.a */ = {isa = PBXFileReference; explicitFileType = archive.ar; includeInIndex = 0; path = "libPods-RJTranslate.a"; sourceTree = BUILT_PRODUCTS_DIR; };
		5463AB4B068FAEC8516D5BB1 /* Pods-RJTranslate.release.xcconfig */ = {isa = PBXFileReference; includeInIndex = 1; lastKnownFileType = text.xcconfig; name = "Pods-RJTranslate.release.xcconfig"; path = "Pods/Target Support Files/Pods-RJTranslate/Pods-RJTranslate.release.xcconfig"; sourceTree = "<group>"; };
		61994DC3045B29573FC8801E /* Pods-RJTranslate.debug_app.xcconfig */ = {isa = PBXFileReference; includeInIndex = 1; lastKnownFileType = text.xcconfig; name = "Pods-RJTranslate.debug_app.xcconfig"; path = "Pods/Target Support Files/Pods-RJTranslate/Pods-RJTranslate.debug_app.xcconfig"; sourceTree = "<group>"; };
		A5089FA12188C8580073E83C /* UIImage+Private.h */ = {isa = PBXFileReference; lastKnownFileType = sourcecode.c.h; path = "UIImage+Private.h"; sourceTree = "<group>"; };
		A511A67721B185E7003D4244 /* PreferenceGroup.swift */ = {isa = PBXFileReference; lastKnownFileType = sourcecode.swift; path = PreferenceGroup.swift; sourceTree = "<group>"; };
		A511A67921B18ABA003D4244 /* Preference.swift */ = {isa = PBXFileReference; lastKnownFileType = sourcecode.swift; path = Preference.swift; sourceTree = "<group>"; };
		A511A67B21B19FFC003D4244 /* PreferencesTableModel.swift */ = {isa = PBXFileReference; lastKnownFileType = sourcecode.swift; path = PreferencesTableModel.swift; sourceTree = "<group>"; };
		A5196B7921D0BB3200201DEF /* CollectionHeaderLabel.swift */ = {isa = PBXFileReference; lastKnownFileType = sourcecode.swift; path = CollectionHeaderLabel.swift; sourceTree = "<group>"; };
		A5196B7B21D0BF2200201DEF /* AppCollectionView.swift */ = {isa = PBXFileReference; lastKnownFileType = sourcecode.swift; path = AppCollectionView.swift; sourceTree = "<group>"; };
		A521020221EB2E6300D95AA8 /* AppCollectionLayout.swift */ = {isa = PBXFileReference; lastKnownFileType = sourcecode.swift; path = AppCollectionLayout.swift; sourceTree = "<group>"; };
		A521637221EA5EE100815C8B /* GradientLayer.swift */ = {isa = PBXFileReference; lastKnownFileType = sourcecode.swift; path = GradientLayer.swift; sourceTree = "<group>"; };
		A522F1C9217AFC300085A5E4 /* RJTranslate.app */ = {isa = PBXFileReference; explicitFileType = wrapper.application; includeInIndex = 0; path = RJTranslate.app; sourceTree = BUILT_PRODUCTS_DIR; };
		A522F1D2217AFC300085A5E4 /* Base */ = {isa = PBXFileReference; lastKnownFileType = file.storyboard; name = Base; path = Base.lproj/Main.storyboard; sourceTree = "<group>"; };
		A522F1D4217AFC310085A5E4 /* Assets.xcassets */ = {isa = PBXFileReference; lastKnownFileType = folder.assetcatalog; path = Assets.xcassets; sourceTree = "<group>"; };
		A522F1D7217AFC310085A5E4 /* Base */ = {isa = PBXFileReference; lastKnownFileType = file.storyboard; name = Base; path = Base.lproj/LaunchScreen.storyboard; sourceTree = "<group>"; };
		A522F1D9217AFC310085A5E4 /* Info.plist */ = {isa = PBXFileReference; lastKnownFileType = text.plist.xml; path = Info.plist; sourceTree = "<group>"; };
		A52D551C21EBC552003EDEE4 /* AppCollectionEmptySource.swift */ = {isa = PBXFileReference; lastKnownFileType = sourcecode.swift; path = AppCollectionEmptySource.swift; sourceTree = "<group>"; };
		A52D551E21EBC703003EDEE4 /* GradientImageRenderer.swift */ = {isa = PBXFileReference; lastKnownFileType = sourcecode.swift; path = GradientImageRenderer.swift; sourceTree = "<group>"; };
		A53225CD21F88F3300AB7D46 /* SearchResultsTableModel.swift */ = {isa = PBXFileReference; lastKnownFileType = sourcecode.swift; path = SearchResultsTableModel.swift; sourceTree = "<group>"; };
		A53225CF21F8AE9A00AB7D46 /* LiveSearchOperation.swift */ = {isa = PBXFileReference; lastKnownFileType = sourcecode.swift; path = LiveSearchOperation.swift; sourceTree = "<group>"; };
		A53225D121F8D4D600AB7D46 /* AsynchronousOperation.swift */ = {isa = PBXFileReference; lastKnownFileType = sourcecode.swift; path = AsynchronousOperation.swift; sourceTree = "<group>"; };
		A53225D321F8E4C100AB7D46 /* SearchResultCell.swift */ = {isa = PBXFileReference; lastKnownFileType = sourcecode.swift; path = SearchResultCell.swift; sourceTree = "<group>"; };
		A532DCBF21AE81AF001A7CA5 /* RJTranslate-Bridging-Header.h */ = {isa = PBXFileReference; lastKnownFileType = sourcecode.c.h; path = "RJTranslate-Bridging-Header.h"; sourceTree = "<group>"; };
		A53533FB217A57ED00E08881 /* RJTranslate.dylib */ = {isa = PBXFileReference; explicitFileType = "compiled.mach-o.dylib"; includeInIndex = 0; path = RJTranslate.dylib; sourceTree = BUILT_PRODUCTS_DIR; };
		A53533FE217A57ED00E08881 /* Foundation.framework */ = {isa = PBXFileReference; lastKnownFileType = wrapper.framework; name = Foundation.framework; path = System/Library/Frameworks/Foundation.framework; sourceTree = SDKROOT; };
		A5353401217A57ED00E08881 /* RJTranslate.m */ = {isa = PBXFileReference; lastKnownFileType = sourcecode.c.objc; path = RJTranslate.m; sourceTree = "<group>"; };
		A5353410217A584500E08881 /* RJTranslate.xcdatamodel */ = {isa = PBXFileReference; lastKnownFileType = wrapper.xcdatamodel; path = RJTranslate.xcdatamodel; sourceTree = "<group>"; };
		A5353413217A595200E08881 /* RJTApplicationEntity.h */ = {isa = PBXFileReference; lastKnownFileType = sourcecode.c.h; path = RJTApplicationEntity.h; sourceTree = "<group>"; };
		A5353414217A595200E08881 /* RJTApplicationEntity.m */ = {isa = PBXFileReference; lastKnownFileType = sourcecode.c.objc; path = RJTApplicationEntity.m; sourceTree = "<group>"; };
		A535341A217A5A2800E08881 /* RJTDatabase.h */ = {isa = PBXFileReference; lastKnownFileType = sourcecode.c.h; path = RJTDatabase.h; sourceTree = "<group>"; };
		A535341B217A5A2800E08881 /* RJTDatabase.m */ = {isa = PBXFileReference; lastKnownFileType = sourcecode.c.objc; path = RJTDatabase.m; sourceTree = "<group>"; };
		A53C93CA22104E9E00C80A1C /* TitleValuePreference.swift */ = {isa = PBXFileReference; lastKnownFileType = sourcecode.swift; path = TitleValuePreference.swift; sourceTree = "<group>"; };
		A53C93CC22104F3100C80A1C /* PreferenceTitleValueCell.swift */ = {isa = PBXFileReference; lastKnownFileType = sourcecode.swift; path = PreferenceTitleValueCell.swift; sourceTree = "<group>"; };
		A53CC72E21E0BE4A00848785 /* HTTPClient.swift */ = {isa = PBXFileReference; lastKnownFileType = sourcecode.swift; path = HTTPClient.swift; sourceTree = "<group>"; };
		A53CC73221E0C34200848785 /* HTTPClientFacilities.swift */ = {isa = PBXFileReference; lastKnownFileType = sourcecode.swift; path = HTTPClientFacilities.swift; sourceTree = "<group>"; };
		A53CC73421E0C38A00848785 /* HTTPTask.swift */ = {isa = PBXFileReference; lastKnownFileType = sourcecode.swift; path = HTTPTask.swift; sourceTree = "<group>"; };
		A53CC73621E0C52200848785 /* HTTPRequestBuilder.swift */ = {isa = PBXFileReference; lastKnownFileType = sourcecode.swift; path = HTTPRequestBuilder.swift; sourceTree = "<group>"; };
		A53CC73921E1285E00848785 /* HTTPClientDelegateObject.swift */ = {isa = PBXFileReference; lastKnownFileType = sourcecode.swift; path = HTTPClientDelegateObject.swift; sourceTree = "<group>"; };
		A5438B8A22081DB10077D988 /* UINavigationBar+RJTExtended.h */ = {isa = PBXFileReference; lastKnownFileType = sourcecode.c.h; path = "UINavigationBar+RJTExtended.h"; sourceTree = "<group>"; };
		A5438B8B22081DB10077D988 /* UINavigationBar+RJTExtended.m */ = {isa = PBXFileReference; lastKnownFileType = sourcecode.c.objc; path = "UINavigationBar+RJTExtended.m"; sourceTree = "<group>"; };
		A545D86321847B120072674C /* ru */ = {isa = PBXFileReference; lastKnownFileType = text.plist.strings; name = ru; path = ru.lproj/Localizable.strings; sourceTree = "<group>"; };
		A54A335D21B3CBA40064D648 /* TranslateMainController.swift */ = {isa = PBXFileReference; lastKnownFileType = sourcecode.swift; path = TranslateMainController.swift; sourceTree = "<group>"; };
		A54EBFAB21B2725C0086B7DD /* AppDelegate.swift */ = {isa = PBXFileReference; lastKnownFileType = sourcecode.swift; path = AppDelegate.swift; sourceTree = "<group>"; };
		A54EBFCB21B293880086B7DD /* Tracker.swift */ = {isa = PBXFileReference; lastKnownFileType = sourcecode.swift; path = Tracker.swift; sourceTree = "<group>"; };
		A54EBFCD21B2997C0086B7DD /* AppCollectionCell.swift */ = {isa = PBXFileReference; lastKnownFileType = sourcecode.swift; path = AppCollectionCell.swift; sourceTree = "<group>"; };
		A54F28C821EF2FB7002075C5 /* ColorScheme.swift */ = {isa = PBXFileReference; lastKnownFileType = sourcecode.swift; path = ColorScheme.swift; sourceTree = "<group>"; };
		A54F28CA21EF3A5A002075C5 /* UIColorConveniences.swift */ = {isa = PBXFileReference; lastKnownFileType = sourcecode.swift; path = UIColorConveniences.swift; sourceTree = "<group>"; };
		A54F28CC21EF4F55002075C5 /* TickView.swift */ = {isa = PBXFileReference; lastKnownFileType = sourcecode.swift; path = TickView.swift; sourceTree = "<group>"; };
		A5515BD821AE9D2F00C7BFC4 /* PreferenceSwitchCell.swift */ = {isa = PBXFileReference; lastKnownFileType = sourcecode.swift; path = PreferenceSwitchCell.swift; sourceTree = "<group>"; };
		A55AD3712201E8A5003ED998 /* PreferenceButtonCell.swift */ = {isa = PBXFileReference; lastKnownFileType = sourcecode.swift; path = PreferenceButtonCell.swift; sourceTree = "<group>"; };
		A55AD37322020340003ED998 /* StorablePreference.swift */ = {isa = PBXFileReference; lastKnownFileType = sourcecode.swift; path = StorablePreference.swift; sourceTree = "<group>"; };
		A55AD3752202035A003ED998 /* ButtonPreference.swift */ = {isa = PBXFileReference; lastKnownFileType = sourcecode.swift; path = ButtonPreference.swift; sourceTree = "<group>"; };
		A55DA43C2201ABC2002DAEA3 /* SearchResultsEmptySource.swift */ = {isa = PBXFileReference; lastKnownFileType = sourcecode.swift; path = SearchResultsEmptySource.swift; sourceTree = "<group>"; };
		A56856BB21FDAD2B007D1B08 /* ImageCache.swift */ = {isa = PBXFileReference; lastKnownFileType = sourcecode.swift; path = ImageCache.swift; sourceTree = "<group>"; };
		A56856BF21FDD75C007D1B08 /* TabbarController.swift */ = {isa = PBXFileReference; lastKnownFileType = sourcecode.swift; path = TabbarController.swift; sourceTree = "<group>"; };
		A56856C121FDDF0E007D1B08 /* NavigationController.swift */ = {isa = PBXFileReference; lastKnownFileType = sourcecode.swift; path = NavigationController.swift; sourceTree = "<group>"; };
		A56856C321FDE821007D1B08 /* TranslationDetailView.swift */ = {isa = PBXFileReference; lastKnownFileType = sourcecode.swift; path = TranslationDetailView.swift; sourceTree = "<group>"; };
		A56FCF2521F9C12A006671A1 /* TranslationDetailController.swift */ = {isa = PBXFileReference; lastKnownFileType = sourcecode.swift; path = TranslationDetailController.swift; sourceTree = "<group>"; };
		A56FCF2721FA231A006671A1 /* TranslationModelExtended.swift */ = {isa = PBXFileReference; lastKnownFileType = sourcecode.swift; path = TranslationModelExtended.swift; sourceTree = "<group>"; };
		A56FE2A82208A224008997FF /* RJTDatabaseAppFacade.h */ = {isa = PBXFileReference; lastKnownFileType = sourcecode.c.h; path = RJTDatabaseAppFacade.h; sourceTree = "<group>"; };
		A56FE2A92208A224008997FF /* RJTDatabaseAppFacade.m */ = {isa = PBXFileReference; lastKnownFileType = sourcecode.c.objc; path = RJTDatabaseAppFacade.m; sourceTree = "<group>"; };
		A56FE2AC2208A372008997FF /* NSSortDescriptor+RJTExtended.h */ = {isa = PBXFileReference; lastKnownFileType = sourcecode.c.h; path = "NSSortDescriptor+RJTExtended.h"; sourceTree = "<group>"; };
		A56FE2AD2208A372008997FF /* NSSortDescriptor+RJTExtended.m */ = {isa = PBXFileReference; lastKnownFileType = sourcecode.c.objc; path = "NSSortDescriptor+RJTExtended.m"; sourceTree = "<group>"; };
		A56FE2B12208A70A008997FF /* TranslationModel.swift */ = {isa = PBXFileReference; lastKnownFileType = sourcecode.swift; path = TranslationModel.swift; sourceTree = "<group>"; };
		A56FE2B42208B83C008997FF /* RJTUtilities.h */ = {isa = PBXFileReference; lastKnownFileType = sourcecode.c.h; path = RJTUtilities.h; sourceTree = "<group>"; };
		A56FE2B52208B83C008997FF /* RJTUtilities.m */ = {isa = PBXFileReference; lastKnownFileType = sourcecode.c.objc; path = RJTUtilities.m; sourceTree = "<group>"; };
		A57104CD21F30D3600C829DD /* FeaturedController.swift */ = {isa = PBXFileReference; lastKnownFileType = sourcecode.swift; path = FeaturedController.swift; sourceTree = "<group>"; };
		A57104D621F3368300C829DD /* AppCollectionModel.swift */ = {isa = PBXFileReference; lastKnownFileType = sourcecode.swift; path = AppCollectionModel.swift; sourceTree = "<group>"; };
		A5763DA021823B4300C7F82A /* PrefixHeader.pch */ = {isa = PBXFileReference; lastKnownFileType = sourcecode.c.h; path = PrefixHeader.pch; sourceTree = "<group>"; };
		A57C40A8218A029200885834 /* RJTOperationQueue.h */ = {isa = PBXFileReference; lastKnownFileType = sourcecode.c.h; path = RJTOperationQueue.h; sourceTree = "<group>"; };
		A57C40A9218A029200885834 /* RJTOperationQueue.m */ = {isa = PBXFileReference; lastKnownFileType = sourcecode.c.objc; path = RJTOperationQueue.m; sourceTree = "<group>"; };
		A581C57F21F0A9A700DD2662 /* AppCollectionDelegate.swift */ = {isa = PBXFileReference; lastKnownFileType = sourcecode.swift; path = AppCollectionDelegate.swift; sourceTree = "<group>"; };
		A58659942192CCE600A76A6C /* RJTSupport.m */ = {isa = PBXFileReference; lastKnownFileType = sourcecode.c.objc; path = RJTSupport.m; sourceTree = "<group>"; };
		A58AFD72217DF975008A900C /* sign.entitlements */ = {isa = PBXFileReference; lastKnownFileType = text.plist.entitlements; path = sign.entitlements; sourceTree = SOURCE_ROOT; };
		A59521FA21F3A08600E5F130 /* HTTPClientPinning.swift */ = {isa = PBXFileReference; lastKnownFileType = sourcecode.swift; path = HTTPClientPinning.swift; sourceTree = "<group>"; };
		A5975EAF21F72B9D00D25FFA /* SearchResultsTableView.swift */ = {isa = PBXFileReference; lastKnownFileType = sourcecode.swift; path = SearchResultsTableView.swift; sourceTree = "<group>"; };
		A5975EB321F7300300D25FFA /* LiveSearchResultsController.swift */ = {isa = PBXFileReference; lastKnownFileType = sourcecode.swift; path = LiveSearchResultsController.swift; sourceTree = "<group>"; };
		A59836FA22116B3A00BFF9D5 /* NotificationConveniences.swift */ = {isa = PBXFileReference; lastKnownFileType = sourcecode.swift; path = NotificationConveniences.swift; sourceTree = "<group>"; };
		A5ADC02F218508A400C33863 /* Cydia_icon.png */ = {isa = PBXFileReference; lastKnownFileType = image.png; path = Cydia_icon.png; sourceTree = "<group>"; };
		A5B74C2421E4CD6E0058C71A /* ObsoleteSearchController.swift */ = {isa = PBXFileReference; lastKnownFileType = sourcecode.swift; path = ObsoleteSearchController.swift; sourceTree = "<group>"; };
		A5B74C2621E4CDA10058C71A /* SearchConveniences.swift */ = {isa = PBXFileReference; lastKnownFileType = sourcecode.swift; path = SearchConveniences.swift; sourceTree = "<group>"; };
		A5B74C2921E4D0390058C71A /* ButtonedSearchBar.swift */ = {isa = PBXFileReference; lastKnownFileType = sourcecode.swift; path = ButtonedSearchBar.swift; sourceTree = "<group>"; };
		A5B74C2B21E4D14A0058C71A /* NavigationBar.swift */ = {isa = PBXFileReference; lastKnownFileType = sourcecode.swift; path = NavigationBar.swift; sourceTree = "<group>"; };
		A5BC885421B2ACCC00D5C5CF /* ModernSearchController.swift */ = {isa = PBXFileReference; lastKnownFileType = sourcecode.swift; path = ModernSearchController.swift; sourceTree = "<group>"; };
		A5C107D5217E56F900989BDB /* postinst */ = {isa = PBXFileReference; lastKnownFileType = text.script.sh; path = postinst; sourceTree = "<group>"; };
		A5C107D6217E56F900989BDB /* postrm */ = {isa = PBXFileReference; lastKnownFileType = text.script.sh; path = postrm; sourceTree = "<group>"; };
		A5C107D7217E56F900989BDB /* control */ = {isa = PBXFileReference; lastKnownFileType = text; path = control; sourceTree = "<group>"; };
		A5C107DA217E56F900989BDB /* RJTranslate.bundle */ = {isa = PBXFileReference; lastKnownFileType = "wrapper.plug-in"; path = RJTranslate.bundle; sourceTree = "<group>"; };
		A5C107DD217E56F900989BDB /* RJTranslate.plist */ = {isa = PBXFileReference; lastKnownFileType = text.plist.xml; path = RJTranslate.plist; sourceTree = "<group>"; };
		A5C1FB3A21B258A1007BB861 /* PreferencesController.swift */ = {isa = PBXFileReference; lastKnownFileType = sourcecode.swift; path = PreferencesController.swift; sourceTree = "<group>"; };
		A5C4F89421E28D3F000FAC48 /* APIResponses.swift */ = {isa = PBXFileReference; lastKnownFileType = sourcecode.swift; path = APIResponses.swift; sourceTree = "<group>"; };
		A5CC12E92184A2A600A607E3 /* GoogleService-Info.plist */ = {isa = PBXFileReference; fileEncoding = 4; lastKnownFileType = text.plist.xml; path = "GoogleService-Info.plist"; sourceTree = "<group>"; };
		A5CC725B218DDD99001A4BDB /* en */ = {isa = PBXFileReference; lastKnownFileType = text.plist.strings; name = en; path = en.lproj/Localizable.strings; sourceTree = "<group>"; };
		A5CFB65821FB8AE700D249B4 /* PinningConveniences.swift */ = {isa = PBXFileReference; lastKnownFileType = sourcecode.swift; path = PinningConveniences.swift; sourceTree = "<group>"; };
		A5D2D4BA21F4638A003F0D4F /* Tabbar.swift */ = {isa = PBXFileReference; lastKnownFileType = sourcecode.swift; path = Tabbar.swift; sourceTree = "<group>"; };
		A5D2D4BC21F46CC5003F0D4F /* UIImageConveniences.swift */ = {isa = PBXFileReference; lastKnownFileType = sourcecode.swift; path = UIImageConveniences.swift; sourceTree = "<group>"; };
		A5D2D4C321F476C9003F0D4F /* Swizzlng.m */ = {isa = PBXFileReference; lastKnownFileType = sourcecode.c.objc; path = Swizzlng.m; sourceTree = "<group>"; };
		A5D2D4C621F48B7F003F0D4F /* GradientView.swift */ = {isa = PBXFileReference; lastKnownFileType = sourcecode.swift; path = GradientView.swift; sourceTree = "<group>"; };
		A5D54CE022074FD200F32C88 /* ShadowedImageView.swift */ = {isa = PBXFileReference; lastKnownFileType = sourcecode.swift; path = ShadowedImageView.swift; sourceTree = "<group>"; };
		A5D9A2FE221020DB00B9ABCD /* PreferencesDebugModel.swift */ = {isa = PBXFileReference; lastKnownFileType = sourcecode.swift; path = PreferencesDebugModel.swift; sourceTree = "<group>"; };
		A5D9A3022210213100B9ABCD /* PreferencesMainModel.swift */ = {isa = PBXFileReference; lastKnownFileType = sourcecode.swift; path = PreferencesMainModel.swift; sourceTree = "<group>"; };
		A5D9A304221025B000B9ABCD /* PreferencesMainController.swift */ = {isa = PBXFileReference; lastKnownFileType = sourcecode.swift; path = PreferencesMainController.swift; sourceTree = "<group>"; };
		A5D9A307221034E500B9ABCD /* PreferencesDebugController.swift */ = {isa = PBXFileReference; lastKnownFileType = sourcecode.swift; path = PreferencesDebugController.swift; sourceTree = "<group>"; };
		A5D9A30B2210362600B9ABCD /* DetailLinkPreference.swift */ = {isa = PBXFileReference; lastKnownFileType = sourcecode.swift; path = DetailLinkPreference.swift; sourceTree = "<group>"; };
		A5DB00AE21EB238F0009AB0E /* AppCollectionDataSource.swift */ = {isa = PBXFileReference; lastKnownFileType = sourcecode.swift; path = AppCollectionDataSource.swift; sourceTree = "<group>"; };
		A5E0BBAE218646A10094ECBC /* RJTHud.h */ = {isa = PBXFileReference; fileEncoding = 4; lastKnownFileType = sourcecode.c.h; path = RJTHud.h; sourceTree = "<group>"; };
		A5E0BBAF218646A10094ECBC /* RJTHudProgressView.h */ = {isa = PBXFileReference; fileEncoding = 4; lastKnownFileType = sourcecode.c.h; path = RJTHudProgressView.h; sourceTree = "<group>"; };
		A5E0BBB0218646A10094ECBC /* RJTHudProgressView.m */ = {isa = PBXFileReference; fileEncoding = 4; lastKnownFileType = sourcecode.c.objc; path = RJTHudProgressView.m; sourceTree = "<group>"; };
		A5E0BBB1218646A10094ECBC /* RJTHud.m */ = {isa = PBXFileReference; fileEncoding = 4; lastKnownFileType = sourcecode.c.objc; path = RJTHud.m; sourceTree = "<group>"; };
		A5E80C8521E3300500150B5D /* RJTDatabaseFacade.h */ = {isa = PBXFileReference; lastKnownFileType = sourcecode.c.h; path = RJTDatabaseFacade.h; sourceTree = "<group>"; };
		A5E80C8621E3300500150B5D /* RJTDatabaseFacade.m */ = {isa = PBXFileReference; lastKnownFileType = sourcecode.c.objc; path = RJTDatabaseFacade.m; sourceTree = "<group>"; };
		A5E80C8C21E365C300150B5D /* TouchResponsiveCollectionCell.swift */ = {isa = PBXFileReference; lastKnownFileType = sourcecode.swift; path = TouchResponsiveCollectionCell.swift; sourceTree = "<group>"; };
		A5E80C8E21E387E100150B5D /* ApplicationConveniences.swift */ = {isa = PBXFileReference; lastKnownFileType = sourcecode.swift; path = ApplicationConveniences.swift; sourceTree = "<group>"; };
		A5E80C9C21E3BA8200150B5D /* TranslationsFetchSettings.swift */ = {isa = PBXFileReference; lastKnownFileType = sourcecode.swift; path = TranslationsFetchSettings.swift; sourceTree = "<group>"; };
		A5E80C9E21E3C5E300150B5D /* TranslationsFetcher.swift */ = {isa = PBXFileReference; lastKnownFileType = sourcecode.swift; path = TranslationsFetcher.swift; sourceTree = "<group>"; };
		A5EA75412200582400536C7C /* SimpleViewController.swift */ = {isa = PBXFileReference; lastKnownFileType = sourcecode.swift; path = SimpleViewController.swift; sourceTree = "<group>"; };
		A5EC2DB7221038B4009B7949 /* PreferenceDetailLinkCell.swift */ = {isa = PBXFileReference; lastKnownFileType = sourcecode.swift; path = PreferenceDetailLinkCell.swift; sourceTree = "<group>"; };
		A5EC2DBA221038F0009B7949 /* PreferenceCell.swift */ = {isa = PBXFileReference; lastKnownFileType = sourcecode.swift; path = PreferenceCell.swift; sourceTree = "<group>"; };
		A61C30E9AF7AB8D12AD7B49C /* Pods-RJTranslate-App.release.xcconfig */ = {isa = PBXFileReference; includeInIndex = 1; lastKnownFileType = text.xcconfig; name = "Pods-RJTranslate-App.release.xcconfig"; path = "Pods/Target Support Files/Pods-RJTranslate-App/Pods-RJTranslate-App.release.xcconfig"; sourceTree = "<group>"; };
		CC0CE3AB29A7AC8854CC9D3A /* Pods_RJTranslate_App.framework */ = {isa = PBXFileReference; explicitFileType = wrapper.framework; includeInIndex = 0; path = Pods_RJTranslate_App.framework; sourceTree = BUILT_PRODUCTS_DIR; };
		F1725EBC7642136E98BE5351 /* Pods-RJTranslate.debug.xcconfig */ = {isa = PBXFileReference; includeInIndex = 1; lastKnownFileType = text.xcconfig; name = "Pods-RJTranslate.debug.xcconfig"; path = "Pods/Target Support Files/Pods-RJTranslate/Pods-RJTranslate.debug.xcconfig"; sourceTree = "<group>"; };
/* End PBXFileReference section */

/* Begin PBXFrameworksBuildPhase section */
		A522F1C6217AFC300085A5E4 /* Frameworks */ = {
			isa = PBXFrameworksBuildPhase;
			buildActionMask = 2147483647;
			files = (
				37CD14D8EF4E8005F2AED9F5 /* Pods_RJTranslate_App.framework in Frameworks */,
			);
			runOnlyForDeploymentPostprocessing = 0;
		};
		A53533F7217A57ED00E08881 /* Frameworks */ = {
			isa = PBXFrameworksBuildPhase;
			buildActionMask = 2147483647;
			files = (
				A53533FF217A57ED00E08881 /* Foundation.framework in Frameworks */,
				AD7B4BAE3F32AE9E9BB8B28C /* libPods-RJTranslate.a in Frameworks */,
			);
			runOnlyForDeploymentPostprocessing = 0;
		};
/* End PBXFrameworksBuildPhase section */

/* Begin PBXGroup section */
		86409F5983A882E687EE9C5C /* Pods */ = {
			isa = PBXGroup;
			children = (
				F1725EBC7642136E98BE5351 /* Pods-RJTranslate.debug.xcconfig */,
				5463AB4B068FAEC8516D5BB1 /* Pods-RJTranslate.release.xcconfig */,
				301F222F8ADB8EFC9E44EF59 /* Pods-RJTranslate-App.debug.xcconfig */,
				A61C30E9AF7AB8D12AD7B49C /* Pods-RJTranslate-App.release.xcconfig */,
				61994DC3045B29573FC8801E /* Pods-RJTranslate.debug_app.xcconfig */,
				23F227162BB27C6FB1562797 /* Pods-RJTranslate-App.debug_app.xcconfig */,
			);
			name = Pods;
			sourceTree = "<group>";
		};
		A5089FA02188C80D0073E83C /* Support */ = {
			isa = PBXGroup;
			children = (
				A532DCBF21AE81AF001A7CA5 /* RJTranslate-Bridging-Header.h */,
				A56FE2B42208B83C008997FF /* RJTUtilities.h */,
				A56FE2B52208B83C008997FF /* RJTUtilities.m */,
				A5438B8A22081DB10077D988 /* UINavigationBar+RJTExtended.h */,
				A5438B8B22081DB10077D988 /* UINavigationBar+RJTExtended.m */,
				A5D2D4C321F476C9003F0D4F /* Swizzlng.m */,
				A545D86021847AE90072674C /* Localizable.strings */,
				A5ADC02F218508A400C33863 /* Cydia_icon.png */,
				A5089FA12188C8580073E83C /* UIImage+Private.h */,
			);
			path = Support;
			sourceTree = "<group>";
		};
		A522F1CA217AFC300085A5E4 /* RJTranslate-App */ = {
			isa = PBXGroup;
			children = (
				A54EBFAB21B2725C0086B7DD /* AppDelegate.swift */,
				A5E80C8E21E387E100150B5D /* ApplicationConveniences.swift */,
				A5DB9AC0217B7FF50061A810 /* Controllers */,
				A5DB9ABF217B75DF0061A810 /* Views */,
				A54ADB20217BB6EB00D32EB7 /* Cells */,
				A54ADB1F217BB6E500D32EB7 /* Models */,
				A5089FA02188C80D0073E83C /* Support */,
				A522F1D1217AFC300085A5E4 /* Main.storyboard */,
				A522F1D4217AFC310085A5E4 /* Assets.xcassets */,
				A522F1D6217AFC310085A5E4 /* LaunchScreen.storyboard */,
				A522F1D9217AFC310085A5E4 /* Info.plist */,
			);
			path = "RJTranslate-App";
			sourceTree = "<group>";
		};
		A53533F1217A57ED00E08881 = {
			isa = PBXGroup;
			children = (
				A5353400217A57ED00E08881 /* RJTranslate */,
				A522F1CA217AFC300085A5E4 /* RJTranslate-App */,
				A53533FD217A57ED00E08881 /* Frameworks */,
				A53533FC217A57ED00E08881 /* Products */,
				86409F5983A882E687EE9C5C /* Pods */,
			);
			sourceTree = "<group>";
		};
		A53533FC217A57ED00E08881 /* Products */ = {
			isa = PBXGroup;
			children = (
				A53533FB217A57ED00E08881 /* RJTranslate.dylib */,
				A522F1C9217AFC300085A5E4 /* RJTranslate.app */,
			);
			name = Products;
			sourceTree = "<group>";
		};
		A53533FD217A57ED00E08881 /* Frameworks */ = {
			isa = PBXGroup;
			children = (
				A53533FE217A57ED00E08881 /* Foundation.framework */,
				4D4BDA7DE4D4549AE0118813 /* libPods-RJTranslate.a */,
				CC0CE3AB29A7AC8854CC9D3A /* Pods_RJTranslate_App.framework */,
			);
			name = Frameworks;
			sourceTree = "<group>";
		};
		A5353400217A57ED00E08881 /* RJTranslate */ = {
			isa = PBXGroup;
			children = (
				A57C40AD218A0B7E00885834 /* Database */,
				A57C40A8218A029200885834 /* RJTOperationQueue.h */,
				A57C40A9218A029200885834 /* RJTOperationQueue.m */,
				A5353401217A57ED00E08881 /* RJTranslate.m */,
				A5763DA021823B4300C7F82A /* PrefixHeader.pch */,
				A58659942192CCE600A76A6C /* RJTSupport.m */,
				A56FE2AC2208A372008997FF /* NSSortDescriptor+RJTExtended.h */,
				A56FE2AD2208A372008997FF /* NSSortDescriptor+RJTExtended.m */,
				A535340F217A584500E08881 /* RJTranslate.xcdatamodeld */,
				A5C107D3217E56F900989BDB /* Package */,
				A58AFD72217DF975008A900C /* sign.entitlements */,
				A5CC12E92184A2A600A607E3 /* GoogleService-Info.plist */,
			);
			path = RJTranslate;
			sourceTree = "<group>";
		};
		A5370DD821A4019B009A2BA5 /* Preferences */ = {
			isa = PBXGroup;
			children = (
				A5D9A30A2210355600B9ABCD /* ControllerModels */,
				A5D9A3092210354900B9ABCD /* CellsModels */,
			);
			path = Preferences;
			sourceTree = "<group>";
		};
		A5438B8D220857E30077D988 /* HUD */ = {
			isa = PBXGroup;
			children = (
				A5E0BBAE218646A10094ECBC /* RJTHud.h */,
				A5E0BBB1218646A10094ECBC /* RJTHud.m */,
				A5E0BBAF218646A10094ECBC /* RJTHudProgressView.h */,
				A5E0BBB0218646A10094ECBC /* RJTHudProgressView.m */,
			);
			path = HUD;
			sourceTree = "<group>";
		};
		A54ADB1F217BB6E500D32EB7 /* Models */ = {
			isa = PBXGroup;
			children = (
				A5ADC02D2184E07D00C33863 /* Network */,
				A57C40AF218A0F6600885834 /* Application_Translation */,
				A57C40AE218A0F5800885834 /* Database */,
				A5D815592195984100EB3633 /* Collection View */,
				A54F28C821EF2FB7002075C5 /* ColorScheme.swift */,
				A52D551E21EBC703003EDEE4 /* GradientImageRenderer.swift */,
				A56856BB21FDAD2B007D1B08 /* ImageCache.swift */,
				A54EBFCB21B293880086B7DD /* Tracker.swift */,
				A54F28CA21EF3A5A002075C5 /* UIColorConveniences.swift */,
				A5D2D4BC21F46CC5003F0D4F /* UIImageConveniences.swift */,
				A53225CD21F88F3300AB7D46 /* SearchResultsTableModel.swift */,
				A55DA43C2201ABC2002DAEA3 /* SearchResultsEmptySource.swift */,
				A53225D121F8D4D600AB7D46 /* AsynchronousOperation.swift */,
				A53225CF21F8AE9A00AB7D46 /* LiveSearchOperation.swift */,
				A59836FA22116B3A00BFF9D5 /* NotificationConveniences.swift */,
				A5370DD821A4019B009A2BA5 /* Preferences */,
			);
			path = Models;
			sourceTree = "<group>";
		};
		A54ADB20217BB6EB00D32EB7 /* Cells */ = {
			isa = PBXGroup;
			children = (
				A54EBFCD21B2997C0086B7DD /* AppCollectionCell.swift */,
				A5E80C8C21E365C300150B5D /* TouchResponsiveCollectionCell.swift */,
				A5EC2DB9221038BA009B7949 /* Preferences */,
				A53225D321F8E4C100AB7D46 /* SearchResultCell.swift */,
			);
			path = Cells;
			sourceTree = "<group>";
		};
		A57C40AD218A0B7E00885834 /* Database */ = {
			isa = PBXGroup;
			children = (
				A5353413217A595200E08881 /* RJTApplicationEntity.h */,
				A5353414217A595200E08881 /* RJTApplicationEntity.m */,
				A535341A217A5A2800E08881 /* RJTDatabase.h */,
				A535341B217A5A2800E08881 /* RJTDatabase.m */,
				A5E80C8521E3300500150B5D /* RJTDatabaseFacade.h */,
				A5E80C8621E3300500150B5D /* RJTDatabaseFacade.m */,
				A56FE2A82208A224008997FF /* RJTDatabaseAppFacade.h */,
				A56FE2A92208A224008997FF /* RJTDatabaseAppFacade.m */,
			);
			path = Database;
			sourceTree = "<group>";
		};
		A57C40AE218A0F5800885834 /* Database */ = {
			isa = PBXGroup;
			children = (
				A5E80C9C21E3BA8200150B5D /* TranslationsFetchSettings.swift */,
			);
			path = Database;
			sourceTree = "<group>";
		};
		A57C40AF218A0F6600885834 /* Application_Translation */ = {
			isa = PBXGroup;
			children = (
				A56FE2B12208A70A008997FF /* TranslationModel.swift */,
				A56FCF2721FA231A006671A1 /* TranslationModelExtended.swift */,
			);
			path = Application_Translation;
			sourceTree = "<group>";
		};
		A5ADC02D2184E07D00C33863 /* Network */ = {
			isa = PBXGroup;
			children = (
				A53CC72E21E0BE4A00848785 /* HTTPClient.swift */,
				A53CC73421E0C38A00848785 /* HTTPTask.swift */,
				A53CC73921E1285E00848785 /* HTTPClientDelegateObject.swift */,
				A53CC73221E0C34200848785 /* HTTPClientFacilities.swift */,
				A59521FA21F3A08600E5F130 /* HTTPClientPinning.swift */,
				A5CFB65821FB8AE700D249B4 /* PinningConveniences.swift */,
				A53CC73621E0C52200848785 /* HTTPRequestBuilder.swift */,
				A5C4F89421E28D3F000FAC48 /* APIResponses.swift */,
			);
			path = Network;
			sourceTree = "<group>";
		};
		A5ADC02E2184F32100C33863 /* CollectionView */ = {
			isa = PBXGroup;
			children = (
				A5196B7B21D0BF2200201DEF /* AppCollectionView.swift */,
				A5196B7921D0BB3200201DEF /* CollectionHeaderLabel.swift */,
			);
			path = CollectionView;
			sourceTree = "<group>";
		};
		A5B74C2821E4CDA80058C71A /* Search */ = {
			isa = PBXGroup;
			children = (
				A5B74C2621E4CDA10058C71A /* SearchConveniences.swift */,
				A5BC885421B2ACCC00D5C5CF /* ModernSearchController.swift */,
				A5B74C2421E4CD6E0058C71A /* ObsoleteSearchController.swift */,
				A5975EB321F7300300D25FFA /* LiveSearchResultsController.swift */,
			);
			path = Search;
			sourceTree = "<group>";
		};
		A5C107D3217E56F900989BDB /* Package */ = {
			isa = PBXGroup;
			children = (
				A5C107D4217E56F900989BDB /* DEBIAN */,
				A5C107D8217E56F900989BDB /* Library */,
				A5C107DE217E56F900989BDB /* Applications */,
			);
			path = Package;
			sourceTree = "<group>";
		};
		A5C107D4217E56F900989BDB /* DEBIAN */ = {
			isa = PBXGroup;
			children = (
				A5C107D5217E56F900989BDB /* postinst */,
				A5C107D6217E56F900989BDB /* postrm */,
				A5C107D7217E56F900989BDB /* control */,
			);
			path = DEBIAN;
			sourceTree = "<group>";
		};
		A5C107D8217E56F900989BDB /* Library */ = {
			isa = PBXGroup;
			children = (
				A5C107D9217E56F900989BDB /* Application Support */,
				A5C107DB217E56F900989BDB /* MobileSubstrate */,
			);
			path = Library;
			sourceTree = "<group>";
		};
		A5C107D9217E56F900989BDB /* Application Support */ = {
			isa = PBXGroup;
			children = (
				A5C107DA217E56F900989BDB /* RJTranslate.bundle */,
			);
			path = "Application Support";
			sourceTree = "<group>";
		};
		A5C107DB217E56F900989BDB /* MobileSubstrate */ = {
			isa = PBXGroup;
			children = (
				A5C107DC217E56F900989BDB /* DynamicLibraries */,
			);
			path = MobileSubstrate;
			sourceTree = "<group>";
		};
		A5C107DC217E56F900989BDB /* DynamicLibraries */ = {
			isa = PBXGroup;
			children = (
				A5C107DD217E56F900989BDB /* RJTranslate.plist */,
			);
			path = DynamicLibraries;
			sourceTree = "<group>";
		};
		A5C107DE217E56F900989BDB /* Applications */ = {
			isa = PBXGroup;
			children = (
			);
			path = Applications;
			sourceTree = "<group>";
		};
		A5D815592195984100EB3633 /* Collection View */ = {
			isa = PBXGroup;
			children = (
				A521020221EB2E6300D95AA8 /* AppCollectionLayout.swift */,
				A581C57F21F0A9A700DD2662 /* AppCollectionDelegate.swift */,
				A5DB00AE21EB238F0009AB0E /* AppCollectionDataSource.swift */,
				A52D551C21EBC552003EDEE4 /* AppCollectionEmptySource.swift */,
				A57104D621F3368300C829DD /* AppCollectionModel.swift */,
				A5E80C9E21E3C5E300150B5D /* TranslationsFetcher.swift */,
			);
			path = "Collection View";
			sourceTree = "<group>";
		};
		A5D9A306221025B600B9ABCD /* Preferences */ = {
			isa = PBXGroup;
			children = (
				A5C1FB3A21B258A1007BB861 /* PreferencesController.swift */,
				A5D9A304221025B000B9ABCD /* PreferencesMainController.swift */,
				A5D9A307221034E500B9ABCD /* PreferencesDebugController.swift */,
			);
			path = Preferences;
			sourceTree = "<group>";
		};
		A5D9A3092210354900B9ABCD /* CellsModels */ = {
			isa = PBXGroup;
			children = (
				A511A67721B185E7003D4244 /* PreferenceGroup.swift */,
				A511A67921B18ABA003D4244 /* Preference.swift */,
				A55AD37322020340003ED998 /* StorablePreference.swift */,
				A55AD3752202035A003ED998 /* ButtonPreference.swift */,
				A5D9A30B2210362600B9ABCD /* DetailLinkPreference.swift */,
				A53C93CA22104E9E00C80A1C /* TitleValuePreference.swift */,
			);
			path = CellsModels;
			sourceTree = "<group>";
		};
		A5D9A30A2210355600B9ABCD /* ControllerModels */ = {
			isa = PBXGroup;
			children = (
				A511A67B21B19FFC003D4244 /* PreferencesTableModel.swift */,
				A5D9A3022210213100B9ABCD /* PreferencesMainModel.swift */,
				A5D9A2FE221020DB00B9ABCD /* PreferencesDebugModel.swift */,
			);
			path = ControllerModels;
			sourceTree = "<group>";
		};
		A5DB9ABF217B75DF0061A810 /* Views */ = {
			isa = PBXGroup;
			children = (
				A5ADC02E2184F32100C33863 /* CollectionView */,
				A5975EAF21F72B9D00D25FFA /* SearchResultsTableView.swift */,
				A5B74C2B21E4D14A0058C71A /* NavigationBar.swift */,
				A5D2D4BA21F4638A003F0D4F /* Tabbar.swift */,
				A521637221EA5EE100815C8B /* GradientLayer.swift */,
				A5D2D4C621F48B7F003F0D4F /* GradientView.swift */,
				A54F28CC21EF4F55002075C5 /* TickView.swift */,
				A5438B8D220857E30077D988 /* HUD */,
				A5B74C2921E4D0390058C71A /* ButtonedSearchBar.swift */,
				A56856C321FDE821007D1B08 /* TranslationDetailView.swift */,
				A5D54CE022074FD200F32C88 /* ShadowedImageView.swift */,
			);
			path = Views;
			sourceTree = "<group>";
		};
		A5DB9AC0217B7FF50061A810 /* Controllers */ = {
			isa = PBXGroup;
			children = (
				A5EA75412200582400536C7C /* SimpleViewController.swift */,
				A56856BF21FDD75C007D1B08 /* TabbarController.swift */,
				A56856C121FDDF0E007D1B08 /* NavigationController.swift */,
				A54A335D21B3CBA40064D648 /* TranslateMainController.swift */,
				A57104CD21F30D3600C829DD /* FeaturedController.swift */,
				A5D9A306221025B600B9ABCD /* Preferences */,
				A56FCF2521F9C12A006671A1 /* TranslationDetailController.swift */,
				A5B74C2821E4CDA80058C71A /* Search */,
			);
			path = Controllers;
			sourceTree = "<group>";
		};
		A5EC2DB9221038BA009B7949 /* Preferences */ = {
			isa = PBXGroup;
			children = (
				A5EC2DBA221038F0009B7949 /* PreferenceCell.swift */,
				A5515BD821AE9D2F00C7BFC4 /* PreferenceSwitchCell.swift */,
				A55AD3712201E8A5003ED998 /* PreferenceButtonCell.swift */,
				A5EC2DB7221038B4009B7949 /* PreferenceDetailLinkCell.swift */,
				A53C93CC22104F3100C80A1C /* PreferenceTitleValueCell.swift */,
			);
			path = Preferences;
			sourceTree = "<group>";
		};
/* End PBXGroup section */

/* Begin PBXHeadersBuildPhase section */
		A53533F8217A57ED00E08881 /* Headers */ = {
			isa = PBXHeadersBuildPhase;
			buildActionMask = 2147483647;
			files = (
				A56FE2AE2208A372008997FF /* NSSortDescriptor+RJTExtended.h in Headers */,
				A5763DA121823B4300C7F82A /* PrefixHeader.pch in Headers */,
				A535341C217A5A2800E08881 /* RJTDatabase.h in Headers */,
				A5B74C2021E4A9600058C71A /* RJTDatabaseFacade.h in Headers */,
				A5353417217A595200E08881 /* RJTApplicationEntity.h in Headers */,
				A57C40AA218A029200885834 /* RJTOperationQueue.h in Headers */,
			);
			runOnlyForDeploymentPostprocessing = 0;
		};
/* End PBXHeadersBuildPhase section */

/* Begin PBXNativeTarget section */
		A522F1C8217AFC300085A5E4 /* RJTranslate-App */ = {
			isa = PBXNativeTarget;
			buildConfigurationList = A522F1DC217AFC310085A5E4 /* Build configuration list for PBXNativeTarget "RJTranslate-App" */;
			buildPhases = (
				16DF98F9E8766D8377BBDB56 /* [CP] Check Pods Manifest.lock */,
				A5057907220EE1A4002CB900 /* Check target syntax */,
				A522F1C5217AFC300085A5E4 /* Sources */,
				A522F1C6217AFC300085A5E4 /* Frameworks */,
				A522F1C7217AFC300085A5E4 /* Resources */,
				7D0C6BFFF79AC85C034885E6 /* [CP] Embed Pods Frameworks */,
				A5CC12EB2184A52F00A607E3 /* Upload DSYMS to Fabric */,
			);
			buildRules = (
			);
			dependencies = (
			);
			name = "RJTranslate-App";
			productName = "RJTranslate-App";
			productReference = A522F1C9217AFC300085A5E4 /* RJTranslate.app */;
			productType = "com.apple.product-type.application";
		};
		A53533FA217A57ED00E08881 /* RJTranslate */ = {
			isa = PBXNativeTarget;
			buildConfigurationList = A535340C217A57ED00E08881 /* Build configuration list for PBXNativeTarget "RJTranslate" */;
			buildPhases = (
				89903D5BB42BA03CF256AFD7 /* [CP] Check Pods Manifest.lock */,
				A53533F6217A57ED00E08881 /* Sources */,
				A53533F7217A57ED00E08881 /* Frameworks */,
				A53533F8217A57ED00E08881 /* Headers */,
				A53533F9217A57ED00E08881 /* Copy files and build deb */,
			);
			buildRules = (
			);
			dependencies = (
				A5C107D2217E56BE00989BDB /* PBXTargetDependency */,
			);
			name = RJTranslate;
			productName = RJTranslate;
			productReference = A53533FB217A57ED00E08881 /* RJTranslate.dylib */;
			productType = "com.apple.product-type.library.dynamic";
		};
/* End PBXNativeTarget section */

/* Begin PBXProject section */
		A53533F2217A57ED00E08881 /* Project object */ = {
			isa = PBXProject;
			attributes = {
				CLASSPREFIX = RJT;
				LastUpgradeCheck = 1020;
				ORGANIZATIONNAME = "Даниил";
				TargetAttributes = {
					A522F1C8217AFC300085A5E4 = {
						CreatedOnToolsVersion = 10.0;
						LastSwiftMigration = 1020;
						SystemCapabilities = {
							com.apple.BackgroundModes = {
								enabled = 0;
							};
						};
					};
					A53533FA217A57ED00E08881 = {
						CreatedOnToolsVersion = 10.0;
						LastSwiftMigration = 1010;
					};
				};
			};
			buildConfigurationList = A53533F5217A57ED00E08881 /* Build configuration list for PBXProject "RJTranslate" */;
			compatibilityVersion = "Xcode 10.0";
			developmentRegion = en;
			hasScannedForEncodings = 0;
			knownRegions = (
				en,
				Base,
				ru,
			);
			mainGroup = A53533F1217A57ED00E08881;
			productRefGroup = A53533FC217A57ED00E08881 /* Products */;
			projectDirPath = "";
			projectRoot = "";
			targets = (
				A53533FA217A57ED00E08881 /* RJTranslate */,
				A522F1C8217AFC300085A5E4 /* RJTranslate-App */,
			);
		};
/* End PBXProject section */

/* Begin PBXResourcesBuildPhase section */
		A522F1C7217AFC300085A5E4 /* Resources */ = {
			isa = PBXResourcesBuildPhase;
			buildActionMask = 2147483647;
			files = (
				A522F1D8217AFC310085A5E4 /* LaunchScreen.storyboard in Resources */,
				A545D85E21847AE90072674C /* Localizable.strings in Resources */,
				A5CC12EA2184A2A600A607E3 /* GoogleService-Info.plist in Resources */,
				A522F1D5217AFC310085A5E4 /* Assets.xcassets in Resources */,
				A522F1D3217AFC300085A5E4 /* Main.storyboard in Resources */,
				A5ADC030218508A400C33863 /* Cydia_icon.png in Resources */,
			);
			runOnlyForDeploymentPostprocessing = 0;
		};
/* End PBXResourcesBuildPhase section */

/* Begin PBXShellScriptBuildPhase section */
		16DF98F9E8766D8377BBDB56 /* [CP] Check Pods Manifest.lock */ = {
			isa = PBXShellScriptBuildPhase;
			buildActionMask = 2147483647;
			files = (
			);
			inputFileListPaths = (
			);
			inputPaths = (
				"${PODS_PODFILE_DIR_PATH}/Podfile.lock",
				"${PODS_ROOT}/Manifest.lock",
			);
			name = "[CP] Check Pods Manifest.lock";
			outputFileListPaths = (
			);
			outputPaths = (
				"$(DERIVED_FILE_DIR)/Pods-RJTranslate-App-checkManifestLockResult.txt",
			);
			runOnlyForDeploymentPostprocessing = 0;
			shellPath = /bin/sh;
			shellScript = "diff \"${PODS_PODFILE_DIR_PATH}/Podfile.lock\" \"${PODS_ROOT}/Manifest.lock\" > /dev/null\nif [ $? != 0 ] ; then\n    # print error to STDERR\n    echo \"error: The sandbox is not in sync with the Podfile.lock. Run 'pod install' or update your CocoaPods installation.\" >&2\n    exit 1\nfi\n# This output is used by Xcode 'outputs' to avoid re-running this script phase.\necho \"SUCCESS\" > \"${SCRIPT_OUTPUT_FILE_0}\"\n";
			showEnvVarsInLog = 0;
		};
		7D0C6BFFF79AC85C034885E6 /* [CP] Embed Pods Frameworks */ = {
			isa = PBXShellScriptBuildPhase;
			buildActionMask = 2147483647;
			files = (
			);
			inputFileListPaths = (
			);
			inputPaths = (
				"${PODS_ROOT}/Target Support Files/Pods-RJTranslate-App/Pods-RJTranslate-App-frameworks.sh",
				"${BUILT_PRODUCTS_DIR}/DZNEmptyDataSet/DZNEmptyDataSet.framework",
				"${BUILT_PRODUCTS_DIR}/GoogleUtilities/GoogleUtilities.framework",
				"${BUILT_PRODUCTS_DIR}/SSZipArchive/SSZipArchive.framework",
				"${BUILT_PRODUCTS_DIR}/nanopb/nanopb.framework",
			);
			name = "[CP] Embed Pods Frameworks";
			outputFileListPaths = (
			);
			outputPaths = (
				"${TARGET_BUILD_DIR}/${FRAMEWORKS_FOLDER_PATH}/DZNEmptyDataSet.framework",
				"${TARGET_BUILD_DIR}/${FRAMEWORKS_FOLDER_PATH}/GoogleUtilities.framework",
				"${TARGET_BUILD_DIR}/${FRAMEWORKS_FOLDER_PATH}/SSZipArchive.framework",
				"${TARGET_BUILD_DIR}/${FRAMEWORKS_FOLDER_PATH}/nanopb.framework",
			);
			runOnlyForDeploymentPostprocessing = 0;
			shellPath = /bin/sh;
			shellScript = "\"${PODS_ROOT}/Target Support Files/Pods-RJTranslate-App/Pods-RJTranslate-App-frameworks.sh\"\n";
			showEnvVarsInLog = 0;
		};
		89903D5BB42BA03CF256AFD7 /* [CP] Check Pods Manifest.lock */ = {
			isa = PBXShellScriptBuildPhase;
			buildActionMask = 2147483647;
			files = (
			);
			inputFileListPaths = (
			);
			inputPaths = (
				"${PODS_PODFILE_DIR_PATH}/Podfile.lock",
				"${PODS_ROOT}/Manifest.lock",
			);
			name = "[CP] Check Pods Manifest.lock";
			outputFileListPaths = (
			);
			outputPaths = (
				"$(DERIVED_FILE_DIR)/Pods-RJTranslate-checkManifestLockResult.txt",
			);
			runOnlyForDeploymentPostprocessing = 0;
			shellPath = /bin/sh;
			shellScript = "diff \"${PODS_PODFILE_DIR_PATH}/Podfile.lock\" \"${PODS_ROOT}/Manifest.lock\" > /dev/null\nif [ $? != 0 ] ; then\n    # print error to STDERR\n    echo \"error: The sandbox is not in sync with the Podfile.lock. Run 'pod install' or update your CocoaPods installation.\" >&2\n    exit 1\nfi\n# This output is used by Xcode 'outputs' to avoid re-running this script phase.\necho \"SUCCESS\" > \"${SCRIPT_OUTPUT_FILE_0}\"\n";
			showEnvVarsInLog = 0;
		};
		A5057907220EE1A4002CB900 /* Check target syntax */ = {
			isa = PBXShellScriptBuildPhase;
			buildActionMask = 2147483647;
			files = (
			);
			inputFileListPaths = (
			);
			inputPaths = (
			);
			name = "Check target syntax";
			outputFileListPaths = (
			);
			outputPaths = (
			);
			runOnlyForDeploymentPostprocessing = 0;
			shellPath = /bin/sh;
			shellScript = "KEYWORDS=\"TODO|FIXME|\\?\\?\\?:|\\!\\!\\!:\"\nfind \"${SRCROOT}\" \\( -name \"*.swift\" \\) -print0 | \\\nxargs -0 egrep --with-filename --line-number --only-matching \"($KEYWORDS).*\\$\" | \\\nperl -p -e \"s/($KEYWORDS)/ warning: \\$1/\"\n";
			showEnvVarsInLog = 0;
		};
		A53533F9217A57ED00E08881 /* Copy files and build deb */ = {
			isa = PBXShellScriptBuildPhase;
			buildActionMask = 2147483647;
			files = (
			);
			inputFileListPaths = (
			);
			inputPaths = (
			);
			name = "Copy files and build deb";
			outputFileListPaths = (
			);
			outputPaths = (
			);
			runOnlyForDeploymentPostprocessing = 0;
			shellPath = /bin/sh;
			shellScript = "if [[ \"ls -1 ${BUILT_PRODUCTS_DIR}/*.dylib 2>/dev/null | wc -l\" == 0 ]]; then\necho \"${BUILT_PRODUCTS_DIR} does not contain any dylib file.\";\nexit 1;\nfi\n\nPACKAGE_PROJECT_FOLDER=\"${PROJECT_DIR}/${PROJECT_NAME}/Package\";\nif [ ! -d $PACKAGE_PROJECT_FOLDER ]; then\necho \"${PROJECT_DIR}/Package does not exits.\";\nexit 2;\nfi\n\n\nPACKAGE_TEMP_FOLDER=\"${BUILT_PRODUCTS_DIR}/Package\";\nif [ -d $PACKAGE_TEMP_FOLDER ]; then\nrm -rf $PACKAGE_TEMP_FOLDER;\nfi\n\necho \"[->] Copying binaries...\";\ncp -r $PACKAGE_PROJECT_FOLDER $PACKAGE_TEMP_FOLDER;\nfind ${BUILT_PRODUCTS_DIR} -type f -maxdepth 1 -iname '*.dylib' \\( -exec ldid -S\"${PROJECT_DIR}/sign.entitlements\" \"{}\" \\; -exec cp \"{}\" \"$PACKAGE_TEMP_FOLDER/Library/MobileSubstrate/DynamicLibraries/\" 2> /dev/null \\; \\)\n#find ${BUILT_PRODUCTS_DIR} -iname '*.app' -exec cp -R \"{}\" \"$PACKAGE_TEMP_FOLDER/Applications/\" \\;\nfind ${BUILT_PRODUCTS_DIR} -iname '*.momd' -exec cp -R \"{}\" \"$PACKAGE_TEMP_FOLDER/Library/Application Support/RJTranslate.bundle/\" \\;\ncp -R \"${BUILT_PRODUCTS_DIR}/RJTranslate.app\" \"$PACKAGE_TEMP_FOLDER/Applications/RJTranslate.app\";\n\n\nfind \"$PACKAGE_TEMP_FOLDER\" -name '*.framework' -type d | while read -r FRAMEWORK\ndo\nFRAMEWORK_EXECUTABLE_NAME=$(defaults read \"$FRAMEWORK/Info.plist\" CFBundleExecutable)\nFRAMEWORK_EXECUTABLE_PATH=\"$FRAMEWORK/$FRAMEWORK_EXECUTABLE_NAME\"\n\nEXTRACTED_ARCHS=()\nfor ARCH in $ARCHS\ndo\nlipo -extract \"$ARCH\" \"$FRAMEWORK_EXECUTABLE_PATH\" -o \"$FRAMEWORK_EXECUTABLE_PATH-$ARCH\"\nEXTRACTED_ARCHS+=(\"$FRAMEWORK_EXECUTABLE_PATH-$ARCH\")\ndone\n\nlipo -o \"$FRAMEWORK_EXECUTABLE_PATH-merged\" -create \"${EXTRACTED_ARCHS[@]}\"\nrm \"${EXTRACTED_ARCHS[@]}\"\n\nrm \"$FRAMEWORK_EXECUTABLE_PATH\"\nmv \"$FRAMEWORK_EXECUTABLE_PATH-merged\" \"$FRAMEWORK_EXECUTABLE_PATH\"\ndone\n\n\nfind \"$PACKAGE_TEMP_FOLDER\" -name \"*.dylib\" -type f | while read -r LIBRARY\ndo\necho \"Processing library ${LIBRARY%.*}\"\n\nEXTRACTED_ARCHS=()\nfor ARCH in $ARCHS\ndo\nlipo -extract \"$ARCH\" \"$LIBRARY\" -o \"$LIBRARY-$ARCH\"\nEXTRACTED_ARCHS+=(\"$LIBRARY-$ARCH\")\ndone\n\nlipo -o \"$LIBRARY-merged\" -create \"${EXTRACTED_ARCHS[@]}\"\nrm \"${EXTRACTED_ARCHS[@]}\"\n\nrm \"$LIBRARY\"\nmv \"$LIBRARY-merged\" \"$LIBRARY\"\ndone\n\n\n\n\ncodesign --remove-sign \"$PACKAGE_TEMP_FOLDER/Applications/RJTranslate.app\";\nrm -rf \"$PACKAGE_TEMP_FOLDER/Applications/RJTranslate.app/embedded.mobileprovision\";\nldid -S\"${PROJECT_DIR}/sign.entitlements\" \"$PACKAGE_TEMP_FOLDER/Applications/RJTranslate.app/RJTranslate\";\nfind \"$PACKAGE_TEMP_FOLDER\" -type d -exec chmod +rx \"{}\" \\;\n\necho \"[->] Cleaning (stage 1)...\"\n#find $PACKAGE_TEMP_FOLDER -name \".DS_Store\" -exec rm -f \"{}\" \\;\nfind $PACKAGE_TEMP_FOLDER -name \".*\" -exec rm -rf \"{}\" \\;\n\necho \"[->] Updating control...\";\nBUILD_NUMBER=$(/usr/libexec/PlistBuddy -c \"Print :CFBundleVersion\" \"$PACKAGE_TEMP_FOLDER/Applications/RJTranslate.app/Info.plist\")\nsed -i '' \"s/CURRENT_PROJECT_VERSION/${CURRENT_PROJECT_VERSION}-$BUILD_NUMBER/g\" \"$PACKAGE_TEMP_FOLDER/DEBIAN/control\";\n\necho \"[->] Counting size...\";\nFOLDER_SIZE=$(du -sk $PACKAGE_TEMP_FOLDER);\nINSTALLED_SIZE=$(echo $FOLDER_SIZE | tr -dc '0-9' );\nsed -i '' \"s/PACKAGE_SIZE/${INSTALLED_SIZE}/g\" \"$PACKAGE_TEMP_FOLDER/DEBIAN/control\";\n\necho \"[->] Packaging...\";\nDEBS_FOLDER=\"${PROJECT_DIR}/debs\";\nif [ ! -d $DEBS_FOLDER ]; then\nmkdir $DEBS_FOLDER\nfi\n\n\nDEB_NAME=\"${PRODUCT_BUNDLE_IDENTIFIER}_${CURRENT_PROJECT_VERSION}-${BUILD_NUMBER}_${PLATFORM_NAME}-arm.deb\";\ndpkg-deb -b -Zlzma $PACKAGE_TEMP_FOLDER $DEBS_FOLDER/$DEB_NAME 2> /dev/null;\n\necho \"[->] Cleaning (stage 2)...\";\nrm -rf $PACKAGE_TEMP_FOLDER;\n";
			showEnvVarsInLog = 0;
		};
		A5CC12EB2184A52F00A607E3 /* Upload DSYMS to Fabric */ = {
			isa = PBXShellScriptBuildPhase;
			buildActionMask = 2147483647;
			files = (
			);
			inputFileListPaths = (
			);
			inputPaths = (
				"$(BUILT_PRODUCTS_DIR)/$(INFOPLIST_PATH)",
			);
			name = "Upload DSYMS to Fabric";
			outputFileListPaths = (
			);
			outputPaths = (
			);
			runOnlyForDeploymentPostprocessing = 0;
			shellPath = /bin/sh;
			shellScript = "CURRENT_DATE=$(date +%y%m%d%H%M)\n#UNIX_TIMESTAMP=\"$(date \\\"+%s\\\")\"\n/usr/libexec/PlistBuddy -c \"Set :CFBundleVersion ${CURRENT_DATE}\" \"${CODESIGNING_FOLDER_PATH}/Info.plist\"\n#/usr/libexec/PlistBuddy -c \"Set :BuildTimestamp ${UNIX_TIMESTAMP}\" \"${CODESIGNING_FOLDER_PATH}/Info.plist\"\n\nuploadDSYM() {\n    \"${PODS_ROOT}/Fabric/run\"\n}\n\ncase ${CONFIGURATION} in\n\"Release\")\nuploadDSYM\n;;\n\"Debug\")\nuploadDSYM\n;;\nesac\n";
			showEnvVarsInLog = 0;
		};
/* End PBXShellScriptBuildPhase section */

/* Begin PBXSourcesBuildPhase section */
		A522F1C5217AFC300085A5E4 /* Sources */ = {
			isa = PBXSourcesBuildPhase;
			buildActionMask = 2147483647;
			files = (
				A59521FB21F3A08600E5F130 /* HTTPClientPinning.swift in Sources */,
				A57104D721F3368300C829DD /* AppCollectionModel.swift in Sources */,
				A53CC73521E0C38A00848785 /* HTTPTask.swift in Sources */,
				A56856C021FDD75C007D1B08 /* TabbarController.swift in Sources */,
				A5E80C8B21E360ED00150B5D /* RJTranslate.xcdatamodeld in Sources */,
				A5E80C8D21E365C300150B5D /* TouchResponsiveCollectionCell.swift in Sources */,
				A56FCF2621F9C12A006671A1 /* TranslationDetailController.swift in Sources */,
				A511A67C21B19FFC003D4244 /* PreferencesTableModel.swift in Sources */,
				A53225D421F8E4C100AB7D46 /* SearchResultCell.swift in Sources */,
				A54F28CD21EF4F55002075C5 /* TickView.swift in Sources */,
				A521637321EA5EE100815C8B /* GradientLayer.swift in Sources */,
				A5E80C8F21E387E100150B5D /* ApplicationConveniences.swift in Sources */,
				A5DB00AF21EB238F0009AB0E /* AppCollectionDataSource.swift in Sources */,
				A54EBFCE21B2997C0086B7DD /* AppCollectionCell.swift in Sources */,
				A56FE2B32208B5F1008997FF /* NSSortDescriptor+RJTExtended.m in Sources */,
				A53CC73A21E1285E00848785 /* HTTPClientDelegateObject.swift in Sources */,
				A56FE2B22208A70A008997FF /* TranslationModel.swift in Sources */,
				A56FE2B62208B83C008997FF /* RJTUtilities.m in Sources */,
				A5E0BBB3218646A10094ECBC /* RJTHud.m in Sources */,
				A5CFB65921FB8AE700D249B4 /* PinningConveniences.swift in Sources */,
				A521020321EB2E6300D95AA8 /* AppCollectionLayout.swift in Sources */,
				A53C93CD22104F3100C80A1C /* PreferenceTitleValueCell.swift in Sources */,
				A58659962192CCE600A76A6C /* RJTSupport.m in Sources */,
				A55AD3722201E8A5003ED998 /* PreferenceButtonCell.swift in Sources */,
				A5C4F89521E28D3F000FAC48 /* APIResponses.swift in Sources */,
				A53225D021F8AE9A00AB7D46 /* LiveSearchOperation.swift in Sources */,
				A5EC2DB8221038B4009B7949 /* PreferenceDetailLinkCell.swift in Sources */,
				A5D9A3032210213100B9ABCD /* PreferencesMainModel.swift in Sources */,
				A5BC885521B2ACCC00D5C5CF /* ModernSearchController.swift in Sources */,
				A53225CE21F88F3300AB7D46 /* SearchResultsTableModel.swift in Sources */,
				A5975EB421F7300300D25FFA /* LiveSearchResultsController.swift in Sources */,
				A5C1FB3B21B258A1007BB861 /* PreferencesController.swift in Sources */,
				A54EBFCC21B293880086B7DD /* Tracker.swift in Sources */,
				A55AD3762202035A003ED998 /* ButtonPreference.swift in Sources */,
				A5D2D4C521F4776A003F0D4F /* Swizzlng.m in Sources */,
				A5D9A2FF221020DB00B9ABCD /* PreferencesDebugModel.swift in Sources */,
				A5515BD921AE9D2F00C7BFC4 /* PreferenceSwitchCell.swift in Sources */,
				A5975EB021F72B9D00D25FFA /* SearchResultsTableView.swift in Sources */,
				A5D9A30C2210362600B9ABCD /* DetailLinkPreference.swift in Sources */,
				A57CF73A217AFFC8004A71F8 /* RJTDatabase.m in Sources */,
				A53CC73721E0C52200848785 /* HTTPRequestBuilder.swift in Sources */,
				A54EBFAC21B2725C0086B7DD /* AppDelegate.swift in Sources */,
				A56FCF2821FA231A006671A1 /* TranslationModelExtended.swift in Sources */,
				A54F28CB21EF3A5A002075C5 /* UIColorConveniences.swift in Sources */,
				A5E80C8921E3317700150B5D /* RJTDatabaseFacade.m in Sources */,
				A57C40AC218A061300885834 /* RJTOperationQueue.m in Sources */,
				A5B74C2721E4CDA10058C71A /* SearchConveniences.swift in Sources */,
				A56856BC21FDAD2B007D1B08 /* ImageCache.swift in Sources */,
				A52D551D21EBC552003EDEE4 /* AppCollectionEmptySource.swift in Sources */,
				A56FE2B02208A408008997FF /* RJTDatabaseAppFacade.m in Sources */,
				A55AD37422020340003ED998 /* StorablePreference.swift in Sources */,
				A55DA43D2201ABC2002DAEA3 /* SearchResultsEmptySource.swift in Sources */,
				A511A67A21B18ABA003D4244 /* Preference.swift in Sources */,
				A57104D021F311DC00C829DD /* AppCollectionDelegate.swift in Sources */,
				A5438B8C22081DB10077D988 /* UINavigationBar+RJTExtended.m in Sources */,
				A56856C421FDE821007D1B08 /* TranslationDetailView.swift in Sources */,
				A5D2D4C721F48B7F003F0D4F /* GradientView.swift in Sources */,
				A59836FB22116B3A00BFF9D5 /* NotificationConveniences.swift in Sources */,
				A57CF73B217AFFD0004A71F8 /* RJTApplicationEntity.m in Sources */,
				A5D2D4BD21F46CC5003F0D4F /* UIImageConveniences.swift in Sources */,
				A5D2D4BB21F4638A003F0D4F /* Tabbar.swift in Sources */,
				A53225D221F8D4D600AB7D46 /* AsynchronousOperation.swift in Sources */,
				A5D9A305221025B000B9ABCD /* PreferencesMainController.swift in Sources */,
				A57104CE21F30D3600C829DD /* FeaturedController.swift in Sources */,
				A5D9A308221034E500B9ABCD /* PreferencesDebugController.swift in Sources */,
				A54F28C921EF2FB7002075C5 /* ColorScheme.swift in Sources */,
				A5B74C2A21E4D0390058C71A /* ButtonedSearchBar.swift in Sources */,
				A53C93CB22104E9E00C80A1C /* TitleValuePreference.swift in Sources */,
				A5EA75422200582400536C7C /* SimpleViewController.swift in Sources */,
				A56856C221FDDF0E007D1B08 /* NavigationController.swift in Sources */,
				A5B74C2C21E4D14A0058C71A /* NavigationBar.swift in Sources */,
				A5B74C2521E4CD6E0058C71A /* ObsoleteSearchController.swift in Sources */,
				A511A67821B185E7003D4244 /* PreferenceGroup.swift in Sources */,
				A5EC2DBB221038F0009B7949 /* PreferenceCell.swift in Sources */,
				A5D54CE122074FD200F32C88 /* ShadowedImageView.swift in Sources */,
				A5196B7A21D0BB3200201DEF /* CollectionHeaderLabel.swift in Sources */,
				A57104D121F320C000C829DD /* TranslateMainController.swift in Sources */,
				A5E0BBB2218646A10094ECBC /* RJTHudProgressView.m in Sources */,
				A53CC72F21E0BE4A00848785 /* HTTPClient.swift in Sources */,
				A52D551F21EBC703003EDEE4 /* GradientImageRenderer.swift in Sources */,
				A57104D221F32C2600C829DD /* AppCollectionView.swift in Sources */,
				A53CC73321E0C34200848785 /* HTTPClientFacilities.swift in Sources */,
			);
			runOnlyForDeploymentPostprocessing = 0;
		};
		A53533F6217A57ED00E08881 /* Sources */ = {
			isa = PBXSourcesBuildPhase;
			buildActionMask = 2147483647;
			files = (
				A5B74C2121E4A9600058C71A /* RJTDatabaseFacade.m in Sources */,
				A56FE2AF2208A372008997FF /* NSSortDescriptor+RJTExtended.m in Sources */,
				A5353411217A584500E08881 /* RJTranslate.xcdatamodeld in Sources */,
				A535341D217A5A2800E08881 /* RJTDatabase.m in Sources */,
				A57C40AB218A029200885834 /* RJTOperationQueue.m in Sources */,
				A58659952192CCE600A76A6C /* RJTSupport.m in Sources */,
				A5353418217A595200E08881 /* RJTApplicationEntity.m in Sources */,
				A5353402217A57ED00E08881 /* RJTranslate.m in Sources */,
			);
			runOnlyForDeploymentPostprocessing = 0;
		};
/* End PBXSourcesBuildPhase section */

/* Begin PBXTargetDependency section */
		A5C107D2217E56BE00989BDB /* PBXTargetDependency */ = {
			isa = PBXTargetDependency;
			target = A522F1C8217AFC300085A5E4 /* RJTranslate-App */;
			targetProxy = A5C107D1217E56BE00989BDB /* PBXContainerItemProxy */;
		};
/* End PBXTargetDependency section */

/* Begin PBXVariantGroup section */
		A522F1D1217AFC300085A5E4 /* Main.storyboard */ = {
			isa = PBXVariantGroup;
			children = (
				A522F1D2217AFC300085A5E4 /* Base */,
			);
			name = Main.storyboard;
			sourceTree = "<group>";
		};
		A522F1D6217AFC310085A5E4 /* LaunchScreen.storyboard */ = {
			isa = PBXVariantGroup;
			children = (
				A522F1D7217AFC310085A5E4 /* Base */,
			);
			name = LaunchScreen.storyboard;
			sourceTree = "<group>";
		};
		A545D86021847AE90072674C /* Localizable.strings */ = {
			isa = PBXVariantGroup;
			children = (
				A545D86321847B120072674C /* ru */,
				A5CC725B218DDD99001A4BDB /* en */,
			);
			name = Localizable.strings;
			sourceTree = "<group>";
		};
/* End PBXVariantGroup section */

/* Begin XCBuildConfiguration section */
		A522F1DD217AFC310085A5E4 /* Debug */ = {
			isa = XCBuildConfiguration;
			baseConfigurationReference = 301F222F8ADB8EFC9E44EF59 /* Pods-RJTranslate-App.debug.xcconfig */;
			buildSettings = {
				ASSETCATALOG_COMPILER_APPICON_NAME = AppIcon;
				CODE_SIGN_STYLE = Automatic;
				DEVELOPMENT_TEAM = VW97WHTS78;
				GCC_PREPROCESSOR_DEFINITIONS = (
					"$(inherited)",
					BUILD_APP,
				);
				INFOPLIST_FILE = "RJTranslate-App/Info.plist";
				IPHONEOS_DEPLOYMENT_TARGET = 10.0;
				LD_RUNPATH_SEARCH_PATHS = (
					"$(inherited)",
					"@executable_path/Frameworks",
				);
				OTHER_SWIFT_FLAGS = "-DDEBUG";
				PROVISIONING_PROFILE_SPECIFIER = "";
				SWIFT_OBJC_BRIDGING_HEADER = "RJTranslate-App/Support/RJTranslate-Bridging-Header.h";
				SWIFT_OPTIMIZATION_LEVEL = "-Onone";
				SWIFT_VERSION = 5.0;
				TARGETED_DEVICE_FAMILY = "1,2";
				"VALID_ARCHS[sdk=iphonesimulator*]" = "x86_64 i386";
			};
			name = Debug;
		};
		A522F1DE217AFC310085A5E4 /* Release */ = {
			isa = XCBuildConfiguration;
			baseConfigurationReference = A61C30E9AF7AB8D12AD7B49C /* Pods-RJTranslate-App.release.xcconfig */;
			buildSettings = {
				ASSETCATALOG_COMPILER_APPICON_NAME = AppIcon;
				CODE_SIGN_STYLE = Automatic;
				DEVELOPMENT_TEAM = VW97WHTS78;
				GCC_PREPROCESSOR_DEFINITIONS = (
					"$(inherited)",
					BUILD_APP,
				);
				INFOPLIST_FILE = "RJTranslate-App/Info.plist";
				IPHONEOS_DEPLOYMENT_TARGET = 10.0;
				LD_RUNPATH_SEARCH_PATHS = (
					"$(inherited)",
					"@executable_path/Frameworks",
				);
				PROVISIONING_PROFILE_SPECIFIER = "";
				SWIFT_COMPILATION_MODE = wholemodule;
				SWIFT_OBJC_BRIDGING_HEADER = "RJTranslate-App/Support/RJTranslate-Bridging-Header.h";
				SWIFT_VERSION = 5.0;
				TARGETED_DEVICE_FAMILY = "1,2";
			};
			name = Release;
		};
		A535340A217A57ED00E08881 /* Debug */ = {
			isa = XCBuildConfiguration;
			buildSettings = {
				ALWAYS_EMBED_SWIFT_STANDARD_LIBRARIES = NO;
				APPLY_RULES_IN_COPY_FILES = YES;
				CLANG_ANALYZER_GCD_PERFORMANCE = YES;
				CLANG_ANALYZER_LOCALIZABILITY_EMPTY_CONTEXT = YES;
				CLANG_ANALYZER_LOCALIZABILITY_NONLOCALIZED = YES;
				CLANG_ANALYZER_NONNULL = YES;
				CLANG_ANALYZER_NUMBER_OBJECT_CONVERSION = YES_AGGRESSIVE;
				CLANG_ANALYZER_SECURITY_FLOATLOOPCOUNTER = YES;
				CLANG_ANALYZER_SECURITY_INSECUREAPI_RAND = YES;
				CLANG_ANALYZER_SECURITY_INSECUREAPI_STRCPY = YES;
				CLANG_CXX_LANGUAGE_STANDARD = "gnu++14";
				CLANG_ENABLE_MODULES = YES;
				CLANG_ENABLE_OBJC_ARC = YES;
				CLANG_ENABLE_OBJC_WEAK = YES;
				CLANG_UNDEFINED_BEHAVIOR_SANITIZER_INTEGER = YES;
				CLANG_UNDEFINED_BEHAVIOR_SANITIZER_NULLABILITY = YES;
				CLANG_WARN_ASSIGN_ENUM = YES;
				CLANG_WARN_BLOCK_CAPTURE_AUTORELEASING = YES;
				CLANG_WARN_BOOL_CONVERSION = YES;
				CLANG_WARN_COMMA = YES;
				CLANG_WARN_CONSTANT_CONVERSION = YES;
				CLANG_WARN_DEPRECATED_OBJC_IMPLEMENTATIONS = YES;
				CLANG_WARN_DIRECT_OBJC_ISA_USAGE = YES_ERROR;
				CLANG_WARN_DOCUMENTATION_COMMENTS = YES;
				CLANG_WARN_EMPTY_BODY = YES;
				CLANG_WARN_ENUM_CONVERSION = YES;
				CLANG_WARN_INFINITE_RECURSION = YES;
				CLANG_WARN_INT_CONVERSION = YES;
				CLANG_WARN_NON_LITERAL_NULL_CONVERSION = YES;
				CLANG_WARN_OBJC_EXPLICIT_OWNERSHIP_TYPE = YES;
				CLANG_WARN_OBJC_IMPLICIT_RETAIN_SELF = YES;
				CLANG_WARN_OBJC_INTERFACE_IVARS = YES;
				CLANG_WARN_OBJC_LITERAL_CONVERSION = YES;
				CLANG_WARN_OBJC_ROOT_CLASS = YES_ERROR;
				CLANG_WARN_RANGE_LOOP_ANALYSIS = YES;
				CLANG_WARN_SEMICOLON_BEFORE_METHOD_BODY = YES;
				CLANG_WARN_STRICT_PROTOTYPES = YES;
				CLANG_WARN_SUSPICIOUS_IMPLICIT_CONVERSION = YES;
				CLANG_WARN_SUSPICIOUS_MOVE = YES;
				CLANG_WARN_UNGUARDED_AVAILABILITY = YES_AGGRESSIVE;
				CLANG_WARN_UNREACHABLE_CODE = YES;
				CLANG_WARN__DUPLICATE_METHOD_MATCH = YES;
				CODE_SIGN_IDENTITY = "iPhone Developer";
				COPYING_PRESERVES_HFS_DATA = YES;
				CURRENT_PROJECT_VERSION = 0.12;
				DEBUG_INFORMATION_FORMAT = "dwarf-with-dsym";
				DEFINES_MODULE = YES;
				DEVELOPMENT_TEAM = VW97WHTS78;
				ENABLE_BITCODE = NO;
				ENABLE_NS_ASSERTIONS = YES;
				ENABLE_ONLY_ACTIVE_RESOURCES = NO;
				ENABLE_STRICT_OBJC_MSGSEND = YES;
				ENABLE_TESTABILITY = YES;
				EXCLUDED_RECURSIVE_SEARCH_PATH_SUBDIRECTORIES = "*.nib *.lproj *.gch (*) .DS_Store CVS .svn .git .hg *.xcodeproj *.xcode *.pbproj *.pbxproj";
				FRAMEWORK_SEARCH_PATHS = "$(iOSOpenDevPath)/frameworks/**";
				GCC_C_LANGUAGE_STANDARD = gnu11;
				GCC_DYNAMIC_NO_PIC = NO;
				GCC_INLINES_ARE_PRIVATE_EXTERN = YES;
				GCC_NO_COMMON_BLOCKS = YES;
				GCC_OPTIMIZATION_LEVEL = 0;
				GCC_PRECOMPILE_PREFIX_HEADER = YES;
				GCC_PREFIX_HEADER = RJTranslate/PrefixHeader.pch;
				GCC_PREPROCESSOR_DEFINITIONS = (
					"$(inherited)",
					DEBUG,
					BUILD_TWEAK,
				);
				GCC_WARN_64_TO_32_BIT_CONVERSION = YES;
				GCC_WARN_ABOUT_MISSING_FIELD_INITIALIZERS = YES;
				GCC_WARN_ABOUT_MISSING_NEWLINE = YES;
				GCC_WARN_ABOUT_MISSING_PROTOTYPES = YES;
				GCC_WARN_ABOUT_RETURN_TYPE = YES;
				GCC_WARN_FOUR_CHARACTER_CONSTANTS = YES;
				GCC_WARN_INITIALIZER_NOT_FULLY_BRACKETED = YES;
				GCC_WARN_SHADOW = YES;
				GCC_WARN_STRICT_SELECTOR_MATCH = YES;
				GCC_WARN_UNDECLARED_SELECTOR = YES;
				GCC_WARN_UNINITIALIZED_AUTOS = YES_AGGRESSIVE;
				GCC_WARN_UNKNOWN_PRAGMAS = YES;
				GCC_WARN_UNUSED_FUNCTION = YES;
				GCC_WARN_UNUSED_VARIABLE = YES;
				HEADER_SEARCH_PATHS = "$(iOSOpenDevPath)/include/**";
				IPHONEOS_DEPLOYMENT_TARGET = 10.0;
				LIBRARY_SEARCH_PATHS = "$(iOSOpenDevPath)/lib/**";
				MTL_ENABLE_DEBUG_INFO = INCLUDE_SOURCE;
				MTL_FAST_MATH = YES;
				ONLY_ACTIVE_ARCH = NO;
				PRODUCT_BUNDLE_IDENTIFIER = ru.danpashin.RJTranslate;
				PRODUCT_NAME = RJTranslate;
				SDKROOT = iphoneos;
				SUPPORTED_PLATFORMS = iphoneos;
				TARGETED_DEVICE_FAMILY = "1,2";
				iOSOpenDevPath = /opt/iOSOpenDev;
			};
			name = Debug;
		};
		A535340B217A57ED00E08881 /* Release */ = {
			isa = XCBuildConfiguration;
			buildSettings = {
				ALWAYS_EMBED_SWIFT_STANDARD_LIBRARIES = NO;
				APPLY_RULES_IN_COPY_FILES = YES;
				CLANG_ANALYZER_GCD_PERFORMANCE = YES;
				CLANG_ANALYZER_LOCALIZABILITY_EMPTY_CONTEXT = YES;
				CLANG_ANALYZER_LOCALIZABILITY_NONLOCALIZED = YES;
				CLANG_ANALYZER_NONNULL = YES;
				CLANG_ANALYZER_NUMBER_OBJECT_CONVERSION = YES_AGGRESSIVE;
				CLANG_ANALYZER_SECURITY_FLOATLOOPCOUNTER = YES;
				CLANG_ANALYZER_SECURITY_INSECUREAPI_RAND = YES;
				CLANG_ANALYZER_SECURITY_INSECUREAPI_STRCPY = YES;
				CLANG_CXX_LANGUAGE_STANDARD = "gnu++14";
				CLANG_ENABLE_MODULES = YES;
				CLANG_ENABLE_OBJC_ARC = YES;
				CLANG_ENABLE_OBJC_WEAK = YES;
				CLANG_UNDEFINED_BEHAVIOR_SANITIZER_INTEGER = YES;
				CLANG_UNDEFINED_BEHAVIOR_SANITIZER_NULLABILITY = YES;
				CLANG_WARN_ASSIGN_ENUM = YES;
				CLANG_WARN_BLOCK_CAPTURE_AUTORELEASING = YES;
				CLANG_WARN_BOOL_CONVERSION = YES;
				CLANG_WARN_COMMA = YES;
				CLANG_WARN_CONSTANT_CONVERSION = YES;
				CLANG_WARN_DEPRECATED_OBJC_IMPLEMENTATIONS = YES;
				CLANG_WARN_DIRECT_OBJC_ISA_USAGE = YES_ERROR;
				CLANG_WARN_DOCUMENTATION_COMMENTS = YES;
				CLANG_WARN_EMPTY_BODY = YES;
				CLANG_WARN_ENUM_CONVERSION = YES;
				CLANG_WARN_INFINITE_RECURSION = YES;
				CLANG_WARN_INT_CONVERSION = YES;
				CLANG_WARN_NON_LITERAL_NULL_CONVERSION = YES;
				CLANG_WARN_OBJC_EXPLICIT_OWNERSHIP_TYPE = YES;
				CLANG_WARN_OBJC_IMPLICIT_RETAIN_SELF = YES;
				CLANG_WARN_OBJC_INTERFACE_IVARS = YES;
				CLANG_WARN_OBJC_LITERAL_CONVERSION = YES;
				CLANG_WARN_OBJC_ROOT_CLASS = YES_ERROR;
				CLANG_WARN_RANGE_LOOP_ANALYSIS = YES;
				CLANG_WARN_SEMICOLON_BEFORE_METHOD_BODY = YES;
				CLANG_WARN_STRICT_PROTOTYPES = YES;
				CLANG_WARN_SUSPICIOUS_IMPLICIT_CONVERSION = YES;
				CLANG_WARN_SUSPICIOUS_MOVE = YES;
				CLANG_WARN_UNGUARDED_AVAILABILITY = YES_AGGRESSIVE;
				CLANG_WARN_UNREACHABLE_CODE = YES;
				CLANG_WARN__DUPLICATE_METHOD_MATCH = YES;
				CODE_SIGN_IDENTITY = "iPhone Developer";
				COPYING_PRESERVES_HFS_DATA = YES;
				CURRENT_PROJECT_VERSION = 0.12;
				DEBUG_INFORMATION_FORMAT = "dwarf-with-dsym";
				DEFINES_MODULE = YES;
				DEVELOPMENT_TEAM = VW97WHTS78;
				ENABLE_BITCODE = NO;
				ENABLE_NS_ASSERTIONS = YES;
				ENABLE_ONLY_ACTIVE_RESOURCES = NO;
				ENABLE_STRICT_OBJC_MSGSEND = YES;
				EXCLUDED_RECURSIVE_SEARCH_PATH_SUBDIRECTORIES = "*.nib *.lproj *.gch (*) .DS_Store CVS .svn .git .hg *.xcodeproj *.xcode *.pbproj *.pbxproj";
				FRAMEWORK_SEARCH_PATHS = "$(iOSOpenDevPath)/frameworks/**";
				GCC_C_LANGUAGE_STANDARD = gnu11;
				GCC_INLINES_ARE_PRIVATE_EXTERN = YES;
				GCC_NO_COMMON_BLOCKS = YES;
				GCC_OPTIMIZATION_LEVEL = fast;
				GCC_PRECOMPILE_PREFIX_HEADER = YES;
				GCC_PREFIX_HEADER = RJTranslate/PrefixHeader.pch;
				GCC_PREPROCESSOR_DEFINITIONS = (
					"$(inherited)",
					BUILD_TWEAK,
				);
				GCC_WARN_64_TO_32_BIT_CONVERSION = YES;
				GCC_WARN_ABOUT_MISSING_FIELD_INITIALIZERS = YES;
				GCC_WARN_ABOUT_MISSING_NEWLINE = YES;
				GCC_WARN_ABOUT_MISSING_PROTOTYPES = YES;
				GCC_WARN_ABOUT_RETURN_TYPE = YES;
				GCC_WARN_FOUR_CHARACTER_CONSTANTS = YES;
				GCC_WARN_INITIALIZER_NOT_FULLY_BRACKETED = YES;
				GCC_WARN_SHADOW = YES;
				GCC_WARN_STRICT_SELECTOR_MATCH = YES;
				GCC_WARN_UNDECLARED_SELECTOR = YES;
				GCC_WARN_UNINITIALIZED_AUTOS = YES_AGGRESSIVE;
				GCC_WARN_UNKNOWN_PRAGMAS = YES;
				GCC_WARN_UNUSED_FUNCTION = YES;
				GCC_WARN_UNUSED_VARIABLE = YES;
				HEADER_SEARCH_PATHS = "$(iOSOpenDevPath)/include/**";
				IPHONEOS_DEPLOYMENT_TARGET = 10.0;
				LIBRARY_SEARCH_PATHS = "$(iOSOpenDevPath)/lib/**";
				LLVM_LTO = YES;
				MTL_ENABLE_DEBUG_INFO = NO;
				MTL_FAST_MATH = YES;
				ONLY_ACTIVE_ARCH = NO;
				PRODUCT_BUNDLE_IDENTIFIER = ru.danpashin.RJTranslate;
				PRODUCT_NAME = RJTranslate;
				SDKROOT = iphoneos;
				SUPPORTED_PLATFORMS = iphoneos;
				TARGETED_DEVICE_FAMILY = "1,2";
				VALIDATE_PRODUCT = YES;
				iOSOpenDevPath = /opt/iOSOpenDev;
			};
			name = Release;
		};
		A535340D217A57ED00E08881 /* Debug */ = {
			isa = XCBuildConfiguration;
			baseConfigurationReference = F1725EBC7642136E98BE5351 /* Pods-RJTranslate.debug.xcconfig */;
			buildSettings = {
				INSTALL_PATH = /Library/MobileSubstrate/DynamicLibraries;
			};
			name = Debug;
		};
		A535340E217A57ED00E08881 /* Release */ = {
			isa = XCBuildConfiguration;
			baseConfigurationReference = 5463AB4B068FAEC8516D5BB1 /* Pods-RJTranslate.release.xcconfig */;
			buildSettings = {
				INSTALL_PATH = /Library/MobileSubstrate/DynamicLibraries;
			};
			name = Release;
		};
		A5F566802200A69B007095B2 /* Debug_App */ = {
			isa = XCBuildConfiguration;
			buildSettings = {
				ALWAYS_EMBED_SWIFT_STANDARD_LIBRARIES = NO;
				APPLY_RULES_IN_COPY_FILES = YES;
				CLANG_ANALYZER_GCD_PERFORMANCE = YES;
				CLANG_ANALYZER_LOCALIZABILITY_EMPTY_CONTEXT = YES;
				CLANG_ANALYZER_LOCALIZABILITY_NONLOCALIZED = YES;
				CLANG_ANALYZER_NONNULL = YES;
				CLANG_ANALYZER_NUMBER_OBJECT_CONVERSION = YES_AGGRESSIVE;
				CLANG_ANALYZER_SECURITY_FLOATLOOPCOUNTER = YES;
				CLANG_ANALYZER_SECURITY_INSECUREAPI_RAND = YES;
				CLANG_ANALYZER_SECURITY_INSECUREAPI_STRCPY = YES;
				CLANG_CXX_LANGUAGE_STANDARD = "gnu++14";
				CLANG_ENABLE_MODULES = YES;
				CLANG_ENABLE_OBJC_ARC = YES;
				CLANG_ENABLE_OBJC_WEAK = YES;
				CLANG_UNDEFINED_BEHAVIOR_SANITIZER_INTEGER = YES;
				CLANG_UNDEFINED_BEHAVIOR_SANITIZER_NULLABILITY = YES;
				CLANG_WARN_ASSIGN_ENUM = YES;
				CLANG_WARN_BLOCK_CAPTURE_AUTORELEASING = YES;
				CLANG_WARN_BOOL_CONVERSION = YES;
				CLANG_WARN_COMMA = YES;
				CLANG_WARN_CONSTANT_CONVERSION = YES;
				CLANG_WARN_DEPRECATED_OBJC_IMPLEMENTATIONS = YES;
				CLANG_WARN_DIRECT_OBJC_ISA_USAGE = YES_ERROR;
				CLANG_WARN_DOCUMENTATION_COMMENTS = YES;
				CLANG_WARN_EMPTY_BODY = YES;
				CLANG_WARN_ENUM_CONVERSION = YES;
				CLANG_WARN_INFINITE_RECURSION = YES;
				CLANG_WARN_INT_CONVERSION = YES;
				CLANG_WARN_NON_LITERAL_NULL_CONVERSION = YES;
				CLANG_WARN_OBJC_EXPLICIT_OWNERSHIP_TYPE = YES;
				CLANG_WARN_OBJC_IMPLICIT_RETAIN_SELF = YES;
				CLANG_WARN_OBJC_INTERFACE_IVARS = YES;
				CLANG_WARN_OBJC_LITERAL_CONVERSION = YES;
				CLANG_WARN_OBJC_ROOT_CLASS = YES_ERROR;
				CLANG_WARN_RANGE_LOOP_ANALYSIS = YES;
				CLANG_WARN_SEMICOLON_BEFORE_METHOD_BODY = YES;
				CLANG_WARN_STRICT_PROTOTYPES = YES;
				CLANG_WARN_SUSPICIOUS_IMPLICIT_CONVERSION = YES;
				CLANG_WARN_SUSPICIOUS_MOVE = YES;
				CLANG_WARN_UNGUARDED_AVAILABILITY = YES_AGGRESSIVE;
				CLANG_WARN_UNREACHABLE_CODE = YES;
				CLANG_WARN__DUPLICATE_METHOD_MATCH = YES;
				CODE_SIGN_IDENTITY = "iPhone Developer";
				COPYING_PRESERVES_HFS_DATA = YES;
				CURRENT_PROJECT_VERSION = 0.12;
				DEBUG_INFORMATION_FORMAT = dwarf;
				DEFINES_MODULE = YES;
				DEVELOPMENT_TEAM = VW97WHTS78;
				ENABLE_BITCODE = NO;
				ENABLE_NS_ASSERTIONS = YES;
				ENABLE_ONLY_ACTIVE_RESOURCES = NO;
				ENABLE_STRICT_OBJC_MSGSEND = YES;
				ENABLE_TESTABILITY = YES;
				EXCLUDED_RECURSIVE_SEARCH_PATH_SUBDIRECTORIES = "*.nib *.lproj *.gch (*) .DS_Store CVS .svn .git .hg *.xcodeproj *.xcode *.pbproj *.pbxproj";
				FRAMEWORK_SEARCH_PATHS = "$(iOSOpenDevPath)/frameworks/**";
				GCC_C_LANGUAGE_STANDARD = gnu11;
				GCC_DYNAMIC_NO_PIC = NO;
				GCC_INLINES_ARE_PRIVATE_EXTERN = YES;
				GCC_NO_COMMON_BLOCKS = YES;
				GCC_OPTIMIZATION_LEVEL = 0;
				GCC_PRECOMPILE_PREFIX_HEADER = YES;
				GCC_PREFIX_HEADER = RJTranslate/PrefixHeader.pch;
				GCC_PREPROCESSOR_DEFINITIONS = (
					"$(inherited)",
					DEBUG,
				);
				GCC_WARN_64_TO_32_BIT_CONVERSION = YES;
				GCC_WARN_ABOUT_MISSING_FIELD_INITIALIZERS = YES;
				GCC_WARN_ABOUT_MISSING_NEWLINE = YES;
				GCC_WARN_ABOUT_MISSING_PROTOTYPES = YES;
				GCC_WARN_ABOUT_RETURN_TYPE = YES;
				GCC_WARN_FOUR_CHARACTER_CONSTANTS = YES;
				GCC_WARN_INITIALIZER_NOT_FULLY_BRACKETED = YES;
				GCC_WARN_SHADOW = YES;
				GCC_WARN_STRICT_SELECTOR_MATCH = YES;
				GCC_WARN_UNDECLARED_SELECTOR = YES;
				GCC_WARN_UNINITIALIZED_AUTOS = YES_AGGRESSIVE;
				GCC_WARN_UNKNOWN_PRAGMAS = YES;
				GCC_WARN_UNUSED_FUNCTION = YES;
				GCC_WARN_UNUSED_VARIABLE = YES;
				HEADER_SEARCH_PATHS = "$(iOSOpenDevPath)/include/**";
				IPHONEOS_DEPLOYMENT_TARGET = 10.0;
				LIBRARY_SEARCH_PATHS = "$(iOSOpenDevPath)/lib/**";
				MTL_ENABLE_DEBUG_INFO = INCLUDE_SOURCE;
				MTL_FAST_MATH = YES;
				ONLY_ACTIVE_ARCH = YES;
				PRODUCT_BUNDLE_IDENTIFIER = ru.danpashin.RJTranslate;
				PRODUCT_NAME = RJTranslate;
				SDKROOT = iphoneos;
				SUPPORTED_PLATFORMS = "iphonesimulator iphoneos";
				TARGETED_DEVICE_FAMILY = "1,2";
				iOSOpenDevPath = /opt/iOSOpenDev;
			};
			name = Debug_App;
		};
		A5F566812200A69B007095B2 /* Debug_App */ = {
			isa = XCBuildConfiguration;
			baseConfigurationReference = 61994DC3045B29573FC8801E /* Pods-RJTranslate.debug_app.xcconfig */;
			buildSettings = {
				INSTALL_PATH = /Library/MobileSubstrate/DynamicLibraries;
			};
			name = Debug_App;
		};
		A5F566822200A69B007095B2 /* Debug_App */ = {
			isa = XCBuildConfiguration;
			baseConfigurationReference = 23F227162BB27C6FB1562797 /* Pods-RJTranslate-App.debug_app.xcconfig */;
			buildSettings = {
				ASSETCATALOG_COMPILER_APPICON_NAME = AppIcon;
				CODE_SIGN_STYLE = Automatic;
				DEVELOPMENT_TEAM = VW97WHTS78;
				GCC_PREPROCESSOR_DEFINITIONS = (
					"$(inherited)",
					BUILD_APP,
				);
				INFOPLIST_FILE = "RJTranslate-App/Info.plist";
				IPHONEOS_DEPLOYMENT_TARGET = 10.0;
				LD_RUNPATH_SEARCH_PATHS = (
					"$(inherited)",
					"@executable_path/Frameworks",
				);
				OTHER_SWIFT_FLAGS = "-DDEBUG";
				PROVISIONING_PROFILE_SPECIFIER = "";
				SWIFT_OBJC_BRIDGING_HEADER = "RJTranslate-App/Support/RJTranslate-Bridging-Header.h";
				SWIFT_OPTIMIZATION_LEVEL = "-Onone";
				SWIFT_VERSION = 5.0;
				TARGETED_DEVICE_FAMILY = "1,2";
				"VALID_ARCHS[sdk=iphonesimulator*]" = "x86_64 i386";
			};
			name = Debug_App;
		};
/* End XCBuildConfiguration section */

/* Begin XCConfigurationList section */
		A522F1DC217AFC310085A5E4 /* Build configuration list for PBXNativeTarget "RJTranslate-App" */ = {
			isa = XCConfigurationList;
			buildConfigurations = (
				A522F1DD217AFC310085A5E4 /* Debug */,
				A5F566822200A69B007095B2 /* Debug_App */,
				A522F1DE217AFC310085A5E4 /* Release */,
			);
			defaultConfigurationIsVisible = 0;
			defaultConfigurationName = Release;
		};
		A53533F5217A57ED00E08881 /* Build configuration list for PBXProject "RJTranslate" */ = {
			isa = XCConfigurationList;
			buildConfigurations = (
				A535340A217A57ED00E08881 /* Debug */,
				A5F566802200A69B007095B2 /* Debug_App */,
				A535340B217A57ED00E08881 /* Release */,
			);
			defaultConfigurationIsVisible = 0;
			defaultConfigurationName = Release;
		};
		A535340C217A57ED00E08881 /* Build configuration list for PBXNativeTarget "RJTranslate" */ = {
			isa = XCConfigurationList;
			buildConfigurations = (
				A535340D217A57ED00E08881 /* Debug */,
				A5F566812200A69B007095B2 /* Debug_App */,
				A535340E217A57ED00E08881 /* Release */,
			);
			defaultConfigurationIsVisible = 0;
			defaultConfigurationName = Release;
		};
/* End XCConfigurationList section */

/* Begin XCVersionGroup section */
		A535340F217A584500E08881 /* RJTranslate.xcdatamodeld */ = {
			isa = XCVersionGroup;
			children = (
				A5353410217A584500E08881 /* RJTranslate.xcdatamodel */,
			);
			currentVersion = A5353410217A584500E08881 /* RJTranslate.xcdatamodel */;
			path = RJTranslate.xcdatamodeld;
			sourceTree = "<group>";
			versionGroupType = wrapper.xcdatamodel;
		};
/* End XCVersionGroup section */
	};
	rootObject = A53533F2217A57ED00E08881 /* Project object */;
}
