// !$*UTF8*$!
{
	archiveVersion = 1;
	classes = {
	};
	objectVersion = 51;
	objects = {

/* Begin PBXBuildFile section */
		7132177810DEAFA6855E5C09 /* Pods_RJTranslate_App.framework in Frameworks */ = {isa = PBXBuildFile; fileRef = A3D79D1D15E39035D827829D /* Pods_RJTranslate_App.framework */; };
		A517965E217D1A9200B87596 /* RJTApplicationModel.m in Sources */ = {isa = PBXBuildFile; fileRef = A54ADB1D217BB0CF00D32EB7 /* RJTApplicationModel.m */; };
		A517965F217D1A9400B87596 /* RJTApplicationModel.h in Headers */ = {isa = PBXBuildFile; fileRef = A54ADB1C217BB0CF00D32EB7 /* RJTApplicationModel.h */; };
		A522F1CD217AFC300085A5E4 /* AppDelegate.m in Sources */ = {isa = PBXBuildFile; fileRef = A522F1CC217AFC300085A5E4 /* AppDelegate.m */; };
		A522F1D0217AFC300085A5E4 /* RJTranslateController.m in Sources */ = {isa = PBXBuildFile; fileRef = A522F1CF217AFC300085A5E4 /* RJTranslateController.m */; };
		A522F1D3217AFC300085A5E4 /* Main.storyboard in Resources */ = {isa = PBXBuildFile; fileRef = A522F1D1217AFC300085A5E4 /* Main.storyboard */; };
		A522F1D5217AFC310085A5E4 /* Assets.xcassets in Resources */ = {isa = PBXBuildFile; fileRef = A522F1D4217AFC310085A5E4 /* Assets.xcassets */; };
		A522F1D8217AFC310085A5E4 /* LaunchScreen.storyboard in Resources */ = {isa = PBXBuildFile; fileRef = A522F1D6217AFC310085A5E4 /* LaunchScreen.storyboard */; };
		A522F1DB217AFC310085A5E4 /* main.m in Sources */ = {isa = PBXBuildFile; fileRef = A522F1DA217AFC310085A5E4 /* main.m */; };
		A523DAE221836750002E0149 /* RJTCollectionHeaderView.m in Sources */ = {isa = PBXBuildFile; fileRef = A523DAE121836750002E0149 /* RJTCollectionHeaderView.m */; };
		A53533FF217A57ED00E08881 /* Foundation.framework in Frameworks */ = {isa = PBXBuildFile; fileRef = A53533FE217A57ED00E08881 /* Foundation.framework */; };
		A5353402217A57ED00E08881 /* RJTranslate.m in Sources */ = {isa = PBXBuildFile; fileRef = A5353401217A57ED00E08881 /* RJTranslate.m */; };
		A5353411217A584500E08881 /* RJTranslate.xcdatamodeld in Sources */ = {isa = PBXBuildFile; fileRef = A535340F217A584500E08881 /* RJTranslate.xcdatamodeld */; };
		A5353417217A595200E08881 /* RJTApplicationEntity.h in Headers */ = {isa = PBXBuildFile; fileRef = A5353413217A595200E08881 /* RJTApplicationEntity.h */; };
		A5353418217A595200E08881 /* RJTApplicationEntity.m in Sources */ = {isa = PBXBuildFile; fileRef = A5353414217A595200E08881 /* RJTApplicationEntity.m */; };
		A535341C217A5A2800E08881 /* RJTDatabase.h in Headers */ = {isa = PBXBuildFile; fileRef = A535341A217A5A2800E08881 /* RJTDatabase.h */; };
		A535341D217A5A2800E08881 /* RJTDatabase.m in Sources */ = {isa = PBXBuildFile; fileRef = A535341B217A5A2800E08881 /* RJTDatabase.m */; };
		A545D85E21847AE90072674C /* Localizable.strings in Resources */ = {isa = PBXBuildFile; fileRef = A545D86021847AE90072674C /* Localizable.strings */; };
		A54ADB1E217BB0CF00D32EB7 /* RJTApplicationModel.m in Sources */ = {isa = PBXBuildFile; fileRef = A54ADB1D217BB0CF00D32EB7 /* RJTApplicationModel.m */; };
		A56C0167217F25D000027DB3 /* RJTDatabaseUpdater.m in Sources */ = {isa = PBXBuildFile; fileRef = A56C0166217F25D000027DB3 /* RJTDatabaseUpdater.m */; };
		A56FB1C12180ADA0002F4175 /* RJTColors.m in Sources */ = {isa = PBXBuildFile; fileRef = A56FB1C02180ADA0002F4175 /* RJTColors.m */; };
		A56FB1C42180B17B002F4175 /* RJTTickView.m in Sources */ = {isa = PBXBuildFile; fileRef = A56FB1C32180B17B002F4175 /* RJTTickView.m */; };
		A5763DA121823B4300C7F82A /* PrefixHeader.pch in Headers */ = {isa = PBXBuildFile; fileRef = A5763DA021823B4300C7F82A /* PrefixHeader.pch */; };
		A57CF73A217AFFC8004A71F8 /* RJTDatabase.m in Sources */ = {isa = PBXBuildFile; fileRef = A535341B217A5A2800E08881 /* RJTDatabase.m */; };
		A57CF73B217AFFD0004A71F8 /* RJTApplicationEntity.m in Sources */ = {isa = PBXBuildFile; fileRef = A5353414217A595200E08881 /* RJTApplicationEntity.m */; };
		A57CF73E217B50B9004A71F8 /* RJTNavigationBar.m in Sources */ = {isa = PBXBuildFile; fileRef = A57CF73D217B50B9004A71F8 /* RJTNavigationBar.m */; };
		A5A09548217C4696009743DF /* RJTAppCollectionView.m in Sources */ = {isa = PBXBuildFile; fileRef = A5A09547217C4696009743DF /* RJTAppCollectionView.m */; };
		A5A0954B217C4D3A009743DF /* RJTSearchController.m in Sources */ = {isa = PBXBuildFile; fileRef = A5A0954A217C4D3A009743DF /* RJTSearchController.m */; };
		A5A0954E217C73E8009743DF /* RJTCollectionViewLayout.m in Sources */ = {isa = PBXBuildFile; fileRef = A5A0954D217C73E8009743DF /* RJTCollectionViewLayout.m */; };
		A5ACD6F22182DA510009DB9C /* RJTAPI.m in Sources */ = {isa = PBXBuildFile; fileRef = A5ACD6F12182DA510009DB9C /* RJTAPI.m */; };
		A5ACD6F52182DB7C0009DB9C /* RJTAPIRequest.m in Sources */ = {isa = PBXBuildFile; fileRef = A5ACD6F42182DB7C0009DB9C /* RJTAPIRequest.m */; };
		A5ADC0262184D3A400C33863 /* RJTDatabaseUpdate.m in Sources */ = {isa = PBXBuildFile; fileRef = A5ADC0252184D3A400C33863 /* RJTDatabaseUpdate.m */; };
		A5ADC0292184DB3100C33863 /* RJTAPIDownloadRequest.m in Sources */ = {isa = PBXBuildFile; fileRef = A5ADC0282184DB3100C33863 /* RJTAPIDownloadRequest.m */; };
		A5ADC02C2184DDCE00C33863 /* RJTAPIJSONRequest.m in Sources */ = {isa = PBXBuildFile; fileRef = A5ADC02B2184DDCE00C33863 /* RJTAPIJSONRequest.m */; };
		A5ADC030218508A400C33863 /* Cydia_icon.png in Resources */ = {isa = PBXBuildFile; fileRef = A5ADC02F218508A400C33863 /* Cydia_icon.png */; };
		A5CC12EA2184A2A600A607E3 /* GoogleService-Info.plist in Resources */ = {isa = PBXBuildFile; fileRef = A5CC12E92184A2A600A607E3 /* GoogleService-Info.plist */; };
		A5DB9ABE217B74DB0061A810 /* RJTGradientView.m in Sources */ = {isa = PBXBuildFile; fileRef = A5DB9ABB217B74DB0061A810 /* RJTGradientView.m */; };
		A5DB9AC5217B80150061A810 /* RJTNavigationController.m in Sources */ = {isa = PBXBuildFile; fileRef = A5DB9AC2217B80150061A810 /* RJTNavigationController.m */; };
		A5DB9ACF217B8A260061A810 /* RJTAppCell.m in Sources */ = {isa = PBXBuildFile; fileRef = A5DB9ACE217B8A260061A810 /* RJTAppCell.m */; };
		B9547F1B8B42C09F1AAAB596 /* libPods-RJTranslate.a in Frameworks */ = {isa = PBXBuildFile; fileRef = 18933699E1CEE06A405D344F /* libPods-RJTranslate.a */; };
/* End PBXBuildFile section */

/* Begin PBXContainerItemProxy section */
		A5C107D1217E56BE00989BDB /* PBXContainerItemProxy */ = {
			isa = PBXContainerItemProxy;
			containerPortal = A53533F2217A57ED00E08881 /* Project object */;
			proxyType = 1;
			remoteGlobalIDString = A522F1C8217AFC300085A5E4;
			remoteInfo = "RJTranslate-App";
		};
/* End PBXContainerItemProxy section */

/* Begin PBXFileReference section */
		18933699E1CEE06A405D344F /* libPods-RJTranslate.a */ = {isa = PBXFileReference; explicitFileType = archive.ar; includeInIndex = 0; path = "libPods-RJTranslate.a"; sourceTree = BUILT_PRODUCTS_DIR; };
		A3D79D1D15E39035D827829D /* Pods_RJTranslate_App.framework */ = {isa = PBXFileReference; explicitFileType = wrapper.framework; includeInIndex = 0; path = Pods_RJTranslate_App.framework; sourceTree = BUILT_PRODUCTS_DIR; };
		A522F1C9217AFC300085A5E4 /* RJTranslate.app */ = {isa = PBXFileReference; explicitFileType = wrapper.application; includeInIndex = 0; path = RJTranslate.app; sourceTree = BUILT_PRODUCTS_DIR; };
		A522F1CB217AFC300085A5E4 /* AppDelegate.h */ = {isa = PBXFileReference; lastKnownFileType = sourcecode.c.h; path = AppDelegate.h; sourceTree = "<group>"; };
		A522F1CC217AFC300085A5E4 /* AppDelegate.m */ = {isa = PBXFileReference; lastKnownFileType = sourcecode.c.objc; path = AppDelegate.m; sourceTree = "<group>"; };
		A522F1CE217AFC300085A5E4 /* RJTranslateController.h */ = {isa = PBXFileReference; lastKnownFileType = sourcecode.c.h; path = RJTranslateController.h; sourceTree = "<group>"; };
		A522F1CF217AFC300085A5E4 /* RJTranslateController.m */ = {isa = PBXFileReference; lastKnownFileType = sourcecode.c.objc; path = RJTranslateController.m; sourceTree = "<group>"; };
		A522F1D2217AFC300085A5E4 /* Base */ = {isa = PBXFileReference; lastKnownFileType = file.storyboard; name = Base; path = Base.lproj/Main.storyboard; sourceTree = "<group>"; };
		A522F1D4217AFC310085A5E4 /* Assets.xcassets */ = {isa = PBXFileReference; lastKnownFileType = folder.assetcatalog; path = Assets.xcassets; sourceTree = "<group>"; };
		A522F1D7217AFC310085A5E4 /* Base */ = {isa = PBXFileReference; lastKnownFileType = file.storyboard; name = Base; path = Base.lproj/LaunchScreen.storyboard; sourceTree = "<group>"; };
		A522F1D9217AFC310085A5E4 /* Info.plist */ = {isa = PBXFileReference; lastKnownFileType = text.plist.xml; path = Info.plist; sourceTree = "<group>"; };
		A522F1DA217AFC310085A5E4 /* main.m */ = {isa = PBXFileReference; lastKnownFileType = sourcecode.c.objc; path = main.m; sourceTree = "<group>"; };
		A523DAE021836750002E0149 /* RJTCollectionHeaderView.h */ = {isa = PBXFileReference; lastKnownFileType = sourcecode.c.h; path = RJTCollectionHeaderView.h; sourceTree = "<group>"; };
		A523DAE121836750002E0149 /* RJTCollectionHeaderView.m */ = {isa = PBXFileReference; lastKnownFileType = sourcecode.c.objc; path = RJTCollectionHeaderView.m; sourceTree = "<group>"; };
		A53533FB217A57ED00E08881 /* RJTranslate.dylib */ = {isa = PBXFileReference; explicitFileType = "compiled.mach-o.dylib"; includeInIndex = 0; path = RJTranslate.dylib; sourceTree = BUILT_PRODUCTS_DIR; };
		A53533FE217A57ED00E08881 /* Foundation.framework */ = {isa = PBXFileReference; lastKnownFileType = wrapper.framework; name = Foundation.framework; path = System/Library/Frameworks/Foundation.framework; sourceTree = SDKROOT; };
		A5353401217A57ED00E08881 /* RJTranslate.m */ = {isa = PBXFileReference; lastKnownFileType = sourcecode.c.objc; path = RJTranslate.m; sourceTree = "<group>"; };
		A5353410217A584500E08881 /* RJTranslate.xcdatamodel */ = {isa = PBXFileReference; lastKnownFileType = wrapper.xcdatamodel; path = RJTranslate.xcdatamodel; sourceTree = "<group>"; };
		A5353413217A595200E08881 /* RJTApplicationEntity.h */ = {isa = PBXFileReference; lastKnownFileType = sourcecode.c.h; path = RJTApplicationEntity.h; sourceTree = "<group>"; };
		A5353414217A595200E08881 /* RJTApplicationEntity.m */ = {isa = PBXFileReference; lastKnownFileType = sourcecode.c.objc; path = RJTApplicationEntity.m; sourceTree = "<group>"; };
		A535341A217A5A2800E08881 /* RJTDatabase.h */ = {isa = PBXFileReference; lastKnownFileType = sourcecode.c.h; path = RJTDatabase.h; sourceTree = "<group>"; };
		A535341B217A5A2800E08881 /* RJTDatabase.m */ = {isa = PBXFileReference; lastKnownFileType = sourcecode.c.objc; path = RJTDatabase.m; sourceTree = "<group>"; };
		A545D86321847B120072674C /* ru */ = {isa = PBXFileReference; lastKnownFileType = text.plist.strings; name = ru; path = ru.lproj/Localizable.strings; sourceTree = "<group>"; };
		A54ADB1C217BB0CF00D32EB7 /* RJTApplicationModel.h */ = {isa = PBXFileReference; lastKnownFileType = sourcecode.c.h; path = RJTApplicationModel.h; sourceTree = "<group>"; };
		A54ADB1D217BB0CF00D32EB7 /* RJTApplicationModel.m */ = {isa = PBXFileReference; lastKnownFileType = sourcecode.c.objc; path = RJTApplicationModel.m; sourceTree = "<group>"; };
		A56C0165217F25D000027DB3 /* RJTDatabaseUpdater.h */ = {isa = PBXFileReference; lastKnownFileType = sourcecode.c.h; path = RJTDatabaseUpdater.h; sourceTree = "<group>"; };
		A56C0166217F25D000027DB3 /* RJTDatabaseUpdater.m */ = {isa = PBXFileReference; lastKnownFileType = sourcecode.c.objc; path = RJTDatabaseUpdater.m; sourceTree = "<group>"; };
		A56FB1BF2180ADA0002F4175 /* RJTColors.h */ = {isa = PBXFileReference; lastKnownFileType = sourcecode.c.h; path = RJTColors.h; sourceTree = "<group>"; };
		A56FB1C02180ADA0002F4175 /* RJTColors.m */ = {isa = PBXFileReference; lastKnownFileType = sourcecode.c.objc; path = RJTColors.m; sourceTree = "<group>"; };
		A56FB1C22180B17B002F4175 /* RJTTickView.h */ = {isa = PBXFileReference; fileEncoding = 4; lastKnownFileType = sourcecode.c.h; path = RJTTickView.h; sourceTree = "<group>"; };
		A56FB1C32180B17B002F4175 /* RJTTickView.m */ = {isa = PBXFileReference; fileEncoding = 4; lastKnownFileType = sourcecode.c.objc; path = RJTTickView.m; sourceTree = "<group>"; };
		A5763DA021823B4300C7F82A /* PrefixHeader.pch */ = {isa = PBXFileReference; lastKnownFileType = sourcecode.c.h; path = PrefixHeader.pch; sourceTree = "<group>"; };
		A57CF73C217B50B9004A71F8 /* RJTNavigationBar.h */ = {isa = PBXFileReference; lastKnownFileType = sourcecode.c.h; path = RJTNavigationBar.h; sourceTree = "<group>"; };
		A57CF73D217B50B9004A71F8 /* RJTNavigationBar.m */ = {isa = PBXFileReference; lastKnownFileType = sourcecode.c.objc; path = RJTNavigationBar.m; sourceTree = "<group>"; };
		A58AFD72217DF975008A900C /* sign.entitlements */ = {isa = PBXFileReference; lastKnownFileType = text.plist.entitlements; path = sign.entitlements; sourceTree = SOURCE_ROOT; };
		A5A09546217C4696009743DF /* RJTAppCollectionView.h */ = {isa = PBXFileReference; lastKnownFileType = sourcecode.c.h; path = RJTAppCollectionView.h; sourceTree = "<group>"; };
		A5A09547217C4696009743DF /* RJTAppCollectionView.m */ = {isa = PBXFileReference; lastKnownFileType = sourcecode.c.objc; path = RJTAppCollectionView.m; sourceTree = "<group>"; };
		A5A09549217C4D3A009743DF /* RJTSearchController.h */ = {isa = PBXFileReference; lastKnownFileType = sourcecode.c.h; path = RJTSearchController.h; sourceTree = "<group>"; };
		A5A0954A217C4D3A009743DF /* RJTSearchController.m */ = {isa = PBXFileReference; lastKnownFileType = sourcecode.c.objc; path = RJTSearchController.m; sourceTree = "<group>"; };
		A5A0954C217C73E8009743DF /* RJTCollectionViewLayout.h */ = {isa = PBXFileReference; lastKnownFileType = sourcecode.c.h; path = RJTCollectionViewLayout.h; sourceTree = "<group>"; };
		A5A0954D217C73E8009743DF /* RJTCollectionViewLayout.m */ = {isa = PBXFileReference; lastKnownFileType = sourcecode.c.objc; path = RJTCollectionViewLayout.m; sourceTree = "<group>"; };
		A5ACD6F02182DA510009DB9C /* RJTAPI.h */ = {isa = PBXFileReference; lastKnownFileType = sourcecode.c.h; path = RJTAPI.h; sourceTree = "<group>"; };
		A5ACD6F12182DA510009DB9C /* RJTAPI.m */ = {isa = PBXFileReference; lastKnownFileType = sourcecode.c.objc; path = RJTAPI.m; sourceTree = "<group>"; };
		A5ACD6F32182DB7C0009DB9C /* RJTAPIRequest.h */ = {isa = PBXFileReference; lastKnownFileType = sourcecode.c.h; path = RJTAPIRequest.h; sourceTree = "<group>"; };
		A5ACD6F42182DB7C0009DB9C /* RJTAPIRequest.m */ = {isa = PBXFileReference; lastKnownFileType = sourcecode.c.objc; path = RJTAPIRequest.m; sourceTree = "<group>"; };
		A5ADC0242184D3A400C33863 /* RJTDatabaseUpdate.h */ = {isa = PBXFileReference; lastKnownFileType = sourcecode.c.h; path = RJTDatabaseUpdate.h; sourceTree = "<group>"; };
		A5ADC0252184D3A400C33863 /* RJTDatabaseUpdate.m */ = {isa = PBXFileReference; lastKnownFileType = sourcecode.c.objc; path = RJTDatabaseUpdate.m; sourceTree = "<group>"; };
		A5ADC0272184DB3100C33863 /* RJTAPIDownloadRequest.h */ = {isa = PBXFileReference; lastKnownFileType = sourcecode.c.h; path = RJTAPIDownloadRequest.h; sourceTree = "<group>"; };
		A5ADC0282184DB3100C33863 /* RJTAPIDownloadRequest.m */ = {isa = PBXFileReference; lastKnownFileType = sourcecode.c.objc; path = RJTAPIDownloadRequest.m; sourceTree = "<group>"; };
		A5ADC02A2184DDCE00C33863 /* RJTAPIJSONRequest.h */ = {isa = PBXFileReference; lastKnownFileType = sourcecode.c.h; path = RJTAPIJSONRequest.h; sourceTree = "<group>"; };
		A5ADC02B2184DDCE00C33863 /* RJTAPIJSONRequest.m */ = {isa = PBXFileReference; lastKnownFileType = sourcecode.c.objc; path = RJTAPIJSONRequest.m; sourceTree = "<group>"; };
		A5ADC02F218508A400C33863 /* Cydia_icon.png */ = {isa = PBXFileReference; lastKnownFileType = image.png; path = Cydia_icon.png; sourceTree = "<group>"; };
		A5C107D5217E56F900989BDB /* postinst */ = {isa = PBXFileReference; lastKnownFileType = text.script.sh; path = postinst; sourceTree = "<group>"; };
		A5C107D6217E56F900989BDB /* postrm */ = {isa = PBXFileReference; lastKnownFileType = text.script.sh; path = postrm; sourceTree = "<group>"; };
		A5C107D7217E56F900989BDB /* control */ = {isa = PBXFileReference; lastKnownFileType = text; path = control; sourceTree = "<group>"; };
		A5C107DA217E56F900989BDB /* RJTranslate.bundle */ = {isa = PBXFileReference; lastKnownFileType = "wrapper.plug-in"; path = RJTranslate.bundle; sourceTree = "<group>"; };
		A5C107DD217E56F900989BDB /* RJTranslate.plist */ = {isa = PBXFileReference; lastKnownFileType = text.plist.xml; path = RJTranslate.plist; sourceTree = "<group>"; };
		A5CC12E92184A2A600A607E3 /* GoogleService-Info.plist */ = {isa = PBXFileReference; fileEncoding = 4; lastKnownFileType = text.plist.xml; path = "GoogleService-Info.plist"; sourceTree = "<group>"; };
		A5DB9ABA217B74DB0061A810 /* RJTGradientView.h */ = {isa = PBXFileReference; lastKnownFileType = sourcecode.c.h; path = RJTGradientView.h; sourceTree = "<group>"; };
		A5DB9ABB217B74DB0061A810 /* RJTGradientView.m */ = {isa = PBXFileReference; lastKnownFileType = sourcecode.c.objc; path = RJTGradientView.m; sourceTree = "<group>"; };
		A5DB9AC1217B80150061A810 /* RJTNavigationController.h */ = {isa = PBXFileReference; lastKnownFileType = sourcecode.c.h; path = RJTNavigationController.h; sourceTree = "<group>"; };
		A5DB9AC2217B80150061A810 /* RJTNavigationController.m */ = {isa = PBXFileReference; lastKnownFileType = sourcecode.c.objc; path = RJTNavigationController.m; sourceTree = "<group>"; };
		A5DB9ACD217B8A260061A810 /* RJTAppCell.h */ = {isa = PBXFileReference; lastKnownFileType = sourcecode.c.h; path = RJTAppCell.h; sourceTree = "<group>"; };
		A5DB9ACE217B8A260061A810 /* RJTAppCell.m */ = {isa = PBXFileReference; lastKnownFileType = sourcecode.c.objc; path = RJTAppCell.m; sourceTree = "<group>"; };
		A7448D1A9FAB2BCD471A34BC /* Pods-RJTranslate.release.xcconfig */ = {isa = PBXFileReference; includeInIndex = 1; lastKnownFileType = text.xcconfig; name = "Pods-RJTranslate.release.xcconfig"; path = "Pods/Target Support Files/Pods-RJTranslate/Pods-RJTranslate.release.xcconfig"; sourceTree = "<group>"; };
		C442FAAA903384EF3A1DF395 /* Pods-RJTranslate.debug.xcconfig */ = {isa = PBXFileReference; includeInIndex = 1; lastKnownFileType = text.xcconfig; name = "Pods-RJTranslate.debug.xcconfig"; path = "Pods/Target Support Files/Pods-RJTranslate/Pods-RJTranslate.debug.xcconfig"; sourceTree = "<group>"; };
		D6FE48C60EC713FBE57420E8 /* Pods-RJTranslate-App.release.xcconfig */ = {isa = PBXFileReference; includeInIndex = 1; lastKnownFileType = text.xcconfig; name = "Pods-RJTranslate-App.release.xcconfig"; path = "Pods/Target Support Files/Pods-RJTranslate-App/Pods-RJTranslate-App.release.xcconfig"; sourceTree = "<group>"; };
		DB57EBDFB696BF1BE2E20A93 /* Pods-RJTranslate-App.debug.xcconfig */ = {isa = PBXFileReference; includeInIndex = 1; lastKnownFileType = text.xcconfig; name = "Pods-RJTranslate-App.debug.xcconfig"; path = "Pods/Target Support Files/Pods-RJTranslate-App/Pods-RJTranslate-App.debug.xcconfig"; sourceTree = "<group>"; };
/* End PBXFileReference section */

/* Begin PBXFrameworksBuildPhase section */
		A522F1C6217AFC300085A5E4 /* Frameworks */ = {
			isa = PBXFrameworksBuildPhase;
			buildActionMask = 2147483647;
			files = (
				7132177810DEAFA6855E5C09 /* Pods_RJTranslate_App.framework in Frameworks */,
			);
			runOnlyForDeploymentPostprocessing = 0;
		};
		A53533F7217A57ED00E08881 /* Frameworks */ = {
			isa = PBXFrameworksBuildPhase;
			buildActionMask = 2147483647;
			files = (
				A53533FF217A57ED00E08881 /* Foundation.framework in Frameworks */,
				B9547F1B8B42C09F1AAAB596 /* libPods-RJTranslate.a in Frameworks */,
			);
			runOnlyForDeploymentPostprocessing = 0;
		};
/* End PBXFrameworksBuildPhase section */

/* Begin PBXGroup section */
		6C7DE644F822C805A3698E2B /* Pods */ = {
			isa = PBXGroup;
			children = (
				C442FAAA903384EF3A1DF395 /* Pods-RJTranslate.debug.xcconfig */,
				A7448D1A9FAB2BCD471A34BC /* Pods-RJTranslate.release.xcconfig */,
				DB57EBDFB696BF1BE2E20A93 /* Pods-RJTranslate-App.debug.xcconfig */,
				D6FE48C60EC713FBE57420E8 /* Pods-RJTranslate-App.release.xcconfig */,
			);
			name = Pods;
			sourceTree = "<group>";
		};
		A522F1CA217AFC300085A5E4 /* RJTranslate-App */ = {
			isa = PBXGroup;
			children = (
				A522F1CB217AFC300085A5E4 /* AppDelegate.h */,
				A522F1CC217AFC300085A5E4 /* AppDelegate.m */,
				A5DB9AC0217B7FF50061A810 /* Controllers */,
				A5DB9ABF217B75DF0061A810 /* Views */,
				A54ADB20217BB6EB00D32EB7 /* Cells */,
				A54ADB1F217BB6E500D32EB7 /* Models */,
				A522F1D1217AFC300085A5E4 /* Main.storyboard */,
				A522F1D4217AFC310085A5E4 /* Assets.xcassets */,
				A522F1D6217AFC310085A5E4 /* LaunchScreen.storyboard */,
				A522F1D9217AFC310085A5E4 /* Info.plist */,
				A522F1DA217AFC310085A5E4 /* main.m */,
				A545D86021847AE90072674C /* Localizable.strings */,
			);
			path = "RJTranslate-App";
			sourceTree = "<group>";
		};
		A53533F1217A57ED00E08881 = {
			isa = PBXGroup;
			children = (
				A5353400217A57ED00E08881 /* RJTranslate */,
				A522F1CA217AFC300085A5E4 /* RJTranslate-App */,
				A53533FD217A57ED00E08881 /* Frameworks */,
				A53533FC217A57ED00E08881 /* Products */,
				6C7DE644F822C805A3698E2B /* Pods */,
			);
			sourceTree = "<group>";
		};
		A53533FC217A57ED00E08881 /* Products */ = {
			isa = PBXGroup;
			children = (
				A53533FB217A57ED00E08881 /* RJTranslate.dylib */,
				A522F1C9217AFC300085A5E4 /* RJTranslate.app */,
			);
			name = Products;
			sourceTree = "<group>";
		};
		A53533FD217A57ED00E08881 /* Frameworks */ = {
			isa = PBXGroup;
			children = (
				A53533FE217A57ED00E08881 /* Foundation.framework */,
				18933699E1CEE06A405D344F /* libPods-RJTranslate.a */,
				A3D79D1D15E39035D827829D /* Pods_RJTranslate_App.framework */,
			);
			name = Frameworks;
			sourceTree = "<group>";
		};
		A5353400217A57ED00E08881 /* RJTranslate */ = {
			isa = PBXGroup;
			children = (
				A5353413217A595200E08881 /* RJTApplicationEntity.h */,
				A5353414217A595200E08881 /* RJTApplicationEntity.m */,
				A535341A217A5A2800E08881 /* RJTDatabase.h */,
				A535341B217A5A2800E08881 /* RJTDatabase.m */,
				A5353401217A57ED00E08881 /* RJTranslate.m */,
				A5763DA021823B4300C7F82A /* PrefixHeader.pch */,
				A535340F217A584500E08881 /* RJTranslate.xcdatamodeld */,
				A5C107D3217E56F900989BDB /* Package */,
				A58AFD72217DF975008A900C /* sign.entitlements */,
				A5CC12E92184A2A600A607E3 /* GoogleService-Info.plist */,
				A5ADC02F218508A400C33863 /* Cydia_icon.png */,
			);
			path = RJTranslate;
			sourceTree = "<group>";
		};
		A54ADB1F217BB6E500D32EB7 /* Models */ = {
			isa = PBXGroup;
			children = (
				A5ADC02D2184E07D00C33863 /* Network */,
				A56FB1BF2180ADA0002F4175 /* RJTColors.h */,
				A56FB1C02180ADA0002F4175 /* RJTColors.m */,
				A54ADB1C217BB0CF00D32EB7 /* RJTApplicationModel.h */,
				A54ADB1D217BB0CF00D32EB7 /* RJTApplicationModel.m */,
				A5A0954C217C73E8009743DF /* RJTCollectionViewLayout.h */,
				A5A0954D217C73E8009743DF /* RJTCollectionViewLayout.m */,
				A56C0165217F25D000027DB3 /* RJTDatabaseUpdater.h */,
				A56C0166217F25D000027DB3 /* RJTDatabaseUpdater.m */,
				A5ADC0242184D3A400C33863 /* RJTDatabaseUpdate.h */,
				A5ADC0252184D3A400C33863 /* RJTDatabaseUpdate.m */,
			);
			path = Models;
			sourceTree = "<group>";
		};
		A54ADB20217BB6EB00D32EB7 /* Cells */ = {
			isa = PBXGroup;
			children = (
				A5DB9ACD217B8A260061A810 /* RJTAppCell.h */,
				A5DB9ACE217B8A260061A810 /* RJTAppCell.m */,
			);
			path = Cells;
			sourceTree = "<group>";
		};
		A5ADC02D2184E07D00C33863 /* Network */ = {
			isa = PBXGroup;
			children = (
				A5ACD6F02182DA510009DB9C /* RJTAPI.h */,
				A5ACD6F12182DA510009DB9C /* RJTAPI.m */,
				A5ACD6F32182DB7C0009DB9C /* RJTAPIRequest.h */,
				A5ACD6F42182DB7C0009DB9C /* RJTAPIRequest.m */,
				A5ADC0272184DB3100C33863 /* RJTAPIDownloadRequest.h */,
				A5ADC0282184DB3100C33863 /* RJTAPIDownloadRequest.m */,
				A5ADC02A2184DDCE00C33863 /* RJTAPIJSONRequest.h */,
				A5ADC02B2184DDCE00C33863 /* RJTAPIJSONRequest.m */,
			);
			path = Network;
			sourceTree = "<group>";
		};
		A5ADC02E2184F32100C33863 /* CollectionView */ = {
			isa = PBXGroup;
			children = (
				A5A09546217C4696009743DF /* RJTAppCollectionView.h */,
				A5A09547217C4696009743DF /* RJTAppCollectionView.m */,
				A523DAE021836750002E0149 /* RJTCollectionHeaderView.h */,
				A523DAE121836750002E0149 /* RJTCollectionHeaderView.m */,
			);
			path = CollectionView;
			sourceTree = "<group>";
		};
		A5C107D3217E56F900989BDB /* Package */ = {
			isa = PBXGroup;
			children = (
				A5C107D4217E56F900989BDB /* DEBIAN */,
				A5C107D8217E56F900989BDB /* Library */,
				A5C107DE217E56F900989BDB /* Applications */,
			);
			path = Package;
			sourceTree = "<group>";
		};
		A5C107D4217E56F900989BDB /* DEBIAN */ = {
			isa = PBXGroup;
			children = (
				A5C107D5217E56F900989BDB /* postinst */,
				A5C107D6217E56F900989BDB /* postrm */,
				A5C107D7217E56F900989BDB /* control */,
			);
			path = DEBIAN;
			sourceTree = "<group>";
		};
		A5C107D8217E56F900989BDB /* Library */ = {
			isa = PBXGroup;
			children = (
				A5C107D9217E56F900989BDB /* Application Support */,
				A5C107DB217E56F900989BDB /* MobileSubstrate */,
			);
			path = Library;
			sourceTree = "<group>";
		};
		A5C107D9217E56F900989BDB /* Application Support */ = {
			isa = PBXGroup;
			children = (
				A5C107DA217E56F900989BDB /* RJTranslate.bundle */,
			);
			path = "Application Support";
			sourceTree = "<group>";
		};
		A5C107DB217E56F900989BDB /* MobileSubstrate */ = {
			isa = PBXGroup;
			children = (
				A5C107DC217E56F900989BDB /* DynamicLibraries */,
			);
			path = MobileSubstrate;
			sourceTree = "<group>";
		};
		A5C107DC217E56F900989BDB /* DynamicLibraries */ = {
			isa = PBXGroup;
			children = (
				A5C107DD217E56F900989BDB /* RJTranslate.plist */,
			);
			path = DynamicLibraries;
			sourceTree = "<group>";
		};
		A5C107DE217E56F900989BDB /* Applications */ = {
			isa = PBXGroup;
			children = (
			);
			path = Applications;
			sourceTree = "<group>";
		};
		A5DB9ABF217B75DF0061A810 /* Views */ = {
			isa = PBXGroup;
			children = (
				A5ADC02E2184F32100C33863 /* CollectionView */,
				A57CF73C217B50B9004A71F8 /* RJTNavigationBar.h */,
				A57CF73D217B50B9004A71F8 /* RJTNavigationBar.m */,
				A5DB9ABA217B74DB0061A810 /* RJTGradientView.h */,
				A5DB9ABB217B74DB0061A810 /* RJTGradientView.m */,
				A56FB1C22180B17B002F4175 /* RJTTickView.h */,
				A56FB1C32180B17B002F4175 /* RJTTickView.m */,
			);
			path = Views;
			sourceTree = "<group>";
		};
		A5DB9AC0217B7FF50061A810 /* Controllers */ = {
			isa = PBXGroup;
			children = (
				A5DB9AC1217B80150061A810 /* RJTNavigationController.h */,
				A5DB9AC2217B80150061A810 /* RJTNavigationController.m */,
				A522F1CE217AFC300085A5E4 /* RJTranslateController.h */,
				A522F1CF217AFC300085A5E4 /* RJTranslateController.m */,
				A5A09549217C4D3A009743DF /* RJTSearchController.h */,
				A5A0954A217C4D3A009743DF /* RJTSearchController.m */,
			);
			path = Controllers;
			sourceTree = "<group>";
		};
/* End PBXGroup section */

/* Begin PBXHeadersBuildPhase section */
		A53533F8217A57ED00E08881 /* Headers */ = {
			isa = PBXHeadersBuildPhase;
			buildActionMask = 2147483647;
			files = (
				A5763DA121823B4300C7F82A /* PrefixHeader.pch in Headers */,
				A535341C217A5A2800E08881 /* RJTDatabase.h in Headers */,
				A5353417217A595200E08881 /* RJTApplicationEntity.h in Headers */,
				A517965F217D1A9400B87596 /* RJTApplicationModel.h in Headers */,
			);
			runOnlyForDeploymentPostprocessing = 0;
		};
/* End PBXHeadersBuildPhase section */

/* Begin PBXNativeTarget section */
		A522F1C8217AFC300085A5E4 /* RJTranslate-App */ = {
			isa = PBXNativeTarget;
			buildConfigurationList = A522F1DC217AFC310085A5E4 /* Build configuration list for PBXNativeTarget "RJTranslate-App" */;
			buildPhases = (
				53D40B3F808F3B3D7B09B65B /* [CP] Check Pods Manifest.lock */,
				A522F1C5217AFC300085A5E4 /* Sources */,
				A522F1C6217AFC300085A5E4 /* Frameworks */,
				A522F1C7217AFC300085A5E4 /* Resources */,
				CD2ED053E04E72801AB23A6B /* [CP] Embed Pods Frameworks */,
				A5CC12EB2184A52F00A607E3 /* Setup Crashlytics */,
			);
			buildRules = (
			);
			dependencies = (
			);
			name = "RJTranslate-App";
			productName = "RJTranslate-App";
			productReference = A522F1C9217AFC300085A5E4 /* RJTranslate.app */;
			productType = "com.apple.product-type.application";
		};
		A53533FA217A57ED00E08881 /* RJTranslate */ = {
			isa = PBXNativeTarget;
			buildConfigurationList = A535340C217A57ED00E08881 /* Build configuration list for PBXNativeTarget "RJTranslate" */;
			buildPhases = (
				C3DD5B6F1981D58C637D5F78 /* [CP] Check Pods Manifest.lock */,
				A53533F6217A57ED00E08881 /* Sources */,
				A53533F7217A57ED00E08881 /* Frameworks */,
				A53533F8217A57ED00E08881 /* Headers */,
				A53533F9217A57ED00E08881 /* Copy files and build deb */,
			);
			buildRules = (
			);
			dependencies = (
				A5C107D2217E56BE00989BDB /* PBXTargetDependency */,
			);
			name = RJTranslate;
			productName = RJTranslate;
			productReference = A53533FB217A57ED00E08881 /* RJTranslate.dylib */;
			productType = "com.apple.product-type.library.dynamic";
		};
/* End PBXNativeTarget section */

/* Begin PBXProject section */
		A53533F2217A57ED00E08881 /* Project object */ = {
			isa = PBXProject;
			attributes = {
				CLASSPREFIX = RJT;
				LastUpgradeCheck = 1000;
				ORGANIZATIONNAME = "Даниил";
				TargetAttributes = {
					A522F1C8217AFC300085A5E4 = {
						CreatedOnToolsVersion = 10.0;
					};
					A53533FA217A57ED00E08881 = {
						CreatedOnToolsVersion = 10.0;
					};
				};
			};
			buildConfigurationList = A53533F5217A57ED00E08881 /* Build configuration list for PBXProject "RJTranslate" */;
			compatibilityVersion = "Xcode 10.0";
			developmentRegion = en;
			hasScannedForEncodings = 0;
			knownRegions = (
				en,
				Base,
				ru,
			);
			mainGroup = A53533F1217A57ED00E08881;
			productRefGroup = A53533FC217A57ED00E08881 /* Products */;
			projectDirPath = "";
			projectRoot = "";
			targets = (
				A53533FA217A57ED00E08881 /* RJTranslate */,
				A522F1C8217AFC300085A5E4 /* RJTranslate-App */,
			);
		};
/* End PBXProject section */

/* Begin PBXResourcesBuildPhase section */
		A522F1C7217AFC300085A5E4 /* Resources */ = {
			isa = PBXResourcesBuildPhase;
			buildActionMask = 2147483647;
			files = (
				A522F1D8217AFC310085A5E4 /* LaunchScreen.storyboard in Resources */,
				A545D85E21847AE90072674C /* Localizable.strings in Resources */,
				A5CC12EA2184A2A600A607E3 /* GoogleService-Info.plist in Resources */,
				A522F1D5217AFC310085A5E4 /* Assets.xcassets in Resources */,
				A522F1D3217AFC300085A5E4 /* Main.storyboard in Resources */,
				A5ADC030218508A400C33863 /* Cydia_icon.png in Resources */,
			);
			runOnlyForDeploymentPostprocessing = 0;
		};
/* End PBXResourcesBuildPhase section */

/* Begin PBXShellScriptBuildPhase section */
		53D40B3F808F3B3D7B09B65B /* [CP] Check Pods Manifest.lock */ = {
			isa = PBXShellScriptBuildPhase;
			buildActionMask = 2147483647;
			files = (
			);
			inputFileListPaths = (
			);
			inputPaths = (
				"${PODS_PODFILE_DIR_PATH}/Podfile.lock",
				"${PODS_ROOT}/Manifest.lock",
			);
			name = "[CP] Check Pods Manifest.lock";
			outputFileListPaths = (
			);
			outputPaths = (
				"$(DERIVED_FILE_DIR)/Pods-RJTranslate-App-checkManifestLockResult.txt",
			);
			runOnlyForDeploymentPostprocessing = 0;
			shellPath = /bin/sh;
			shellScript = "diff \"${PODS_PODFILE_DIR_PATH}/Podfile.lock\" \"${PODS_ROOT}/Manifest.lock\" > /dev/null\nif [ $? != 0 ] ; then\n    # print error to STDERR\n    echo \"error: The sandbox is not in sync with the Podfile.lock. Run 'pod install' or update your CocoaPods installation.\" >&2\n    exit 1\nfi\n# This output is used by Xcode 'outputs' to avoid re-running this script phase.\necho \"SUCCESS\" > \"${SCRIPT_OUTPUT_FILE_0}\"\n";
			showEnvVarsInLog = 0;
		};
		A53533F9217A57ED00E08881 /* Copy files and build deb */ = {
			isa = PBXShellScriptBuildPhase;
			buildActionMask = 2147483647;
			files = (
			);
			inputFileListPaths = (
			);
			inputPaths = (
			);
			name = "Copy files and build deb";
			outputFileListPaths = (
			);
			outputPaths = (
			);
			runOnlyForDeploymentPostprocessing = 0;
			shellPath = /bin/sh;
			shellScript = "if [[ \"ls -1 ${BUILT_PRODUCTS_DIR}/*.dylib 2>/dev/null | wc -l\" == 0 ]]; then\necho \"${BUILT_PRODUCTS_DIR} does not contain any dylib file.\";\nexit 1;\nfi\n\nPACKAGE_PROJECT_FOLDER=\"${PROJECT_DIR}/${PROJECT_NAME}/Package\";\nif [ ! -d $PACKAGE_PROJECT_FOLDER ]; then\necho \"${PROJECT_DIR}/Package does not exits.\";\nexit 2;\nfi\n\n\nPACKAGE_TEMP_FOLDER=\"${BUILT_PRODUCTS_DIR}/Package\";\nif [ -d $PACKAGE_TEMP_FOLDER ]; then\nrm -rf $PACKAGE_TEMP_FOLDER;\nfi\n\necho \"[->] Copying binaries...\";\ncp -r $PACKAGE_PROJECT_FOLDER $PACKAGE_TEMP_FOLDER;\nfind ${BUILT_PRODUCTS_DIR} -type f -iname '*.dylib' \\( -exec ldid -S\"${PROJECT_DIR}/sign.entitlements\" \"{}\" \\; -exec cp \"{}\" \"$PACKAGE_TEMP_FOLDER/Library/MobileSubstrate/DynamicLibraries/\" 2> /dev/null \\; \\)\n#find ${BUILT_PRODUCTS_DIR} -iname '*.app' -exec cp -R \"{}\" \"$PACKAGE_TEMP_FOLDER/Applications/\" \\;\nfind ${BUILT_PRODUCTS_DIR} -iname '*.momd' -exec cp -R \"{}\" \"$PACKAGE_TEMP_FOLDER/Library/Application Support/RJTranslate.bundle/\" \\;\ncp -R \"${BUILT_PRODUCTS_DIR}/RJTranslate.app\" \"$PACKAGE_TEMP_FOLDER/Applications/RJTranslate.app\";\n\ncodesign --remove-sign \"$PACKAGE_TEMP_FOLDER/Applications/RJTranslate.app\";\nrm -rf \"$PACKAGE_TEMP_FOLDER/Applications/RJTranslate.app/embedded.mobileprovision\";\nldid -S\"${PROJECT_DIR}/sign.entitlements\" \"$PACKAGE_TEMP_FOLDER/Applications/RJTranslate.app/RJTranslate\";\nfind \"$PACKAGE_TEMP_FOLDER\" -type d -exec chmod +rx \"{}\" \\;\n\necho \"[->] Cleaning (stage 1)...\"\nfind $PACKAGE_PROJECT_FOLDER -name \".DS_Store\" -exec rm -f {} \\;\n\necho \"[->] Updating control...\";\nsed -i '' \"s/CURRENT_PROJECT_VERSION/${CURRENT_PROJECT_VERSION}/g\" \"$PACKAGE_TEMP_FOLDER/DEBIAN/control\";\n\necho \"[->] Counting size...\";\nFOLDER_SIZE=$(du -sk $PACKAGE_TEMP_FOLDER);\nINSTALLED_SIZE=$(echo $FOLDER_SIZE | tr -dc '0-9' );\nsed -i '' \"s/PACKAGE_SIZE/${INSTALLED_SIZE}/g\" \"$PACKAGE_TEMP_FOLDER/DEBIAN/control\";\n\necho \"[->] Packaging...\";\nDEBS_FOLDER=\"${PROJECT_DIR}/debs\";\nif [ ! -d $DEBS_FOLDER ]; then\nmkdir $DEBS_FOLDER\nfi\n\nDEB_NAME=\"${PRODUCT_BUNDLE_IDENTIFIER}_${CURRENT_PROJECT_VERSION}_${PLATFORM_NAME}-arm.deb\";\ndpkg-deb -b -Zlzma $PACKAGE_TEMP_FOLDER $DEBS_FOLDER/$DEB_NAME 2> /dev/null;\n\necho \"[->] Cleaning (stage 2)...\";\nrm -rf $PACKAGE_TEMP_FOLDER;\n";
		};
		A5CC12EB2184A52F00A607E3 /* Setup Crashlytics */ = {
			isa = PBXShellScriptBuildPhase;
			buildActionMask = 2147483647;
			files = (
			);
			inputFileListPaths = (
			);
			inputPaths = (
				"$(BUILT_PRODUCTS_DIR)/$(INFOPLIST_PATH)",
			);
			name = "Setup Crashlytics";
			outputFileListPaths = (
			);
			outputPaths = (
			);
			runOnlyForDeploymentPostprocessing = 0;
			shellPath = /bin/sh;
			shellScript = "\"${PODS_ROOT}/Fabric/run\"\n";
			showEnvVarsInLog = 0;
		};
		C3DD5B6F1981D58C637D5F78 /* [CP] Check Pods Manifest.lock */ = {
			isa = PBXShellScriptBuildPhase;
			buildActionMask = 2147483647;
			files = (
			);
			inputFileListPaths = (
			);
			inputPaths = (
				"${PODS_PODFILE_DIR_PATH}/Podfile.lock",
				"${PODS_ROOT}/Manifest.lock",
			);
			name = "[CP] Check Pods Manifest.lock";
			outputFileListPaths = (
			);
			outputPaths = (
				"$(DERIVED_FILE_DIR)/Pods-RJTranslate-checkManifestLockResult.txt",
			);
			runOnlyForDeploymentPostprocessing = 0;
			shellPath = /bin/sh;
			shellScript = "diff \"${PODS_PODFILE_DIR_PATH}/Podfile.lock\" \"${PODS_ROOT}/Manifest.lock\" > /dev/null\nif [ $? != 0 ] ; then\n    # print error to STDERR\n    echo \"error: The sandbox is not in sync with the Podfile.lock. Run 'pod install' or update your CocoaPods installation.\" >&2\n    exit 1\nfi\n# This output is used by Xcode 'outputs' to avoid re-running this script phase.\necho \"SUCCESS\" > \"${SCRIPT_OUTPUT_FILE_0}\"\n";
			showEnvVarsInLog = 0;
		};
		CD2ED053E04E72801AB23A6B /* [CP] Embed Pods Frameworks */ = {
			isa = PBXShellScriptBuildPhase;
			buildActionMask = 2147483647;
			files = (
			);
			inputFileListPaths = (
			);
			inputPaths = (
				"${SRCROOT}/Pods/Target Support Files/Pods-RJTranslate-App/Pods-RJTranslate-App-frameworks.sh",
				"${BUILT_PRODUCTS_DIR}/DZNEmptyDataSet/DZNEmptyDataSet.framework",
				"${BUILT_PRODUCTS_DIR}/GoogleUtilities/GoogleUtilities.framework",
				"${BUILT_PRODUCTS_DIR}/MBProgressHUD/MBProgressHUD.framework",
				"${BUILT_PRODUCTS_DIR}/SSZipArchive/SSZipArchive.framework",
				"${BUILT_PRODUCTS_DIR}/nanopb/nanopb.framework",
			);
			name = "[CP] Embed Pods Frameworks";
			outputFileListPaths = (
			);
			outputPaths = (
				"${TARGET_BUILD_DIR}/${FRAMEWORKS_FOLDER_PATH}/DZNEmptyDataSet.framework",
				"${TARGET_BUILD_DIR}/${FRAMEWORKS_FOLDER_PATH}/GoogleUtilities.framework",
				"${TARGET_BUILD_DIR}/${FRAMEWORKS_FOLDER_PATH}/MBProgressHUD.framework",
				"${TARGET_BUILD_DIR}/${FRAMEWORKS_FOLDER_PATH}/SSZipArchive.framework",
				"${TARGET_BUILD_DIR}/${FRAMEWORKS_FOLDER_PATH}/nanopb.framework",
			);
			runOnlyForDeploymentPostprocessing = 0;
			shellPath = /bin/sh;
			shellScript = "\"${SRCROOT}/Pods/Target Support Files/Pods-RJTranslate-App/Pods-RJTranslate-App-frameworks.sh\"\n";
			showEnvVarsInLog = 0;
		};
/* End PBXShellScriptBuildPhase section */

/* Begin PBXSourcesBuildPhase section */
		A522F1C5217AFC300085A5E4 /* Sources */ = {
			isa = PBXSourcesBuildPhase;
			buildActionMask = 2147483647;
			files = (
				A5DB9AC5217B80150061A810 /* RJTNavigationController.m in Sources */,
				A5ADC0292184DB3100C33863 /* RJTAPIDownloadRequest.m in Sources */,
				A56C0167217F25D000027DB3 /* RJTDatabaseUpdater.m in Sources */,
				A522F1D0217AFC300085A5E4 /* RJTranslateController.m in Sources */,
				A5ACD6F22182DA510009DB9C /* RJTAPI.m in Sources */,
				A5ADC02C2184DDCE00C33863 /* RJTAPIJSONRequest.m in Sources */,
				A57CF73A217AFFC8004A71F8 /* RJTDatabase.m in Sources */,
				A5A09548217C4696009743DF /* RJTAppCollectionView.m in Sources */,
				A523DAE221836750002E0149 /* RJTCollectionHeaderView.m in Sources */,
				A5DB9ABE217B74DB0061A810 /* RJTGradientView.m in Sources */,
				A5DB9ACF217B8A260061A810 /* RJTAppCell.m in Sources */,
				A56FB1C12180ADA0002F4175 /* RJTColors.m in Sources */,
				A5ADC0262184D3A400C33863 /* RJTDatabaseUpdate.m in Sources */,
				A522F1DB217AFC310085A5E4 /* main.m in Sources */,
				A522F1CD217AFC300085A5E4 /* AppDelegate.m in Sources */,
				A57CF73E217B50B9004A71F8 /* RJTNavigationBar.m in Sources */,
				A57CF73B217AFFD0004A71F8 /* RJTApplicationEntity.m in Sources */,
				A5ACD6F52182DB7C0009DB9C /* RJTAPIRequest.m in Sources */,
				A5A0954B217C4D3A009743DF /* RJTSearchController.m in Sources */,
				A54ADB1E217BB0CF00D32EB7 /* RJTApplicationModel.m in Sources */,
				A56FB1C42180B17B002F4175 /* RJTTickView.m in Sources */,
				A5A0954E217C73E8009743DF /* RJTCollectionViewLayout.m in Sources */,
			);
			runOnlyForDeploymentPostprocessing = 0;
		};
		A53533F6217A57ED00E08881 /* Sources */ = {
			isa = PBXSourcesBuildPhase;
			buildActionMask = 2147483647;
			files = (
				A5353411217A584500E08881 /* RJTranslate.xcdatamodeld in Sources */,
				A535341D217A5A2800E08881 /* RJTDatabase.m in Sources */,
				A5353418217A595200E08881 /* RJTApplicationEntity.m in Sources */,
				A5353402217A57ED00E08881 /* RJTranslate.m in Sources */,
				A517965E217D1A9200B87596 /* RJTApplicationModel.m in Sources */,
			);
			runOnlyForDeploymentPostprocessing = 0;
		};
/* End PBXSourcesBuildPhase section */

/* Begin PBXTargetDependency section */
		A5C107D2217E56BE00989BDB /* PBXTargetDependency */ = {
			isa = PBXTargetDependency;
			target = A522F1C8217AFC300085A5E4 /* RJTranslate-App */;
			targetProxy = A5C107D1217E56BE00989BDB /* PBXContainerItemProxy */;
		};
/* End PBXTargetDependency section */

/* Begin PBXVariantGroup section */
		A522F1D1217AFC300085A5E4 /* Main.storyboard */ = {
			isa = PBXVariantGroup;
			children = (
				A522F1D2217AFC300085A5E4 /* Base */,
			);
			name = Main.storyboard;
			sourceTree = "<group>";
		};
		A522F1D6217AFC310085A5E4 /* LaunchScreen.storyboard */ = {
			isa = PBXVariantGroup;
			children = (
				A522F1D7217AFC310085A5E4 /* Base */,
			);
			name = LaunchScreen.storyboard;
			sourceTree = "<group>";
		};
		A545D86021847AE90072674C /* Localizable.strings */ = {
			isa = PBXVariantGroup;
			children = (
				A545D86321847B120072674C /* ru */,
			);
			name = Localizable.strings;
			sourceTree = "<group>";
		};
/* End PBXVariantGroup section */

/* Begin XCBuildConfiguration section */
		A522F1DD217AFC310085A5E4 /* Debug */ = {
			isa = XCBuildConfiguration;
			baseConfigurationReference = DB57EBDFB696BF1BE2E20A93 /* Pods-RJTranslate-App.debug.xcconfig */;
			buildSettings = {
				ASSETCATALOG_COMPILER_APPICON_NAME = AppIcon;
				CODE_SIGN_STYLE = Automatic;
				DEVELOPMENT_TEAM = VW97WHTS78;
				ENABLE_ONLY_ACTIVE_RESOURCES = NO;
				INFOPLIST_FILE = "RJTranslate-App/Info.plist";
				ONLY_ACTIVE_ARCH = YES;
				PRODUCT_BUNDLE_IDENTIFIER = ru.danpashin.RJTranslate;
				PROVISIONING_PROFILE_SPECIFIER = "";
				SUPPORTED_PLATFORMS = "iphonesimulator iphoneos";
				TARGETED_DEVICE_FAMILY = 1;
				"VALID_ARCHS[sdk=iphonesimulator*]" = "x86_64 i386";
			};
			name = Debug;
		};
		A522F1DE217AFC310085A5E4 /* Release */ = {
			isa = XCBuildConfiguration;
			baseConfigurationReference = D6FE48C60EC713FBE57420E8 /* Pods-RJTranslate-App.release.xcconfig */;
			buildSettings = {
				ASSETCATALOG_COMPILER_APPICON_NAME = AppIcon;
				CODE_SIGN_STYLE = Automatic;
				DEVELOPMENT_TEAM = VW97WHTS78;
				ENABLE_ONLY_ACTIVE_RESOURCES = NO;
				INFOPLIST_FILE = "RJTranslate-App/Info.plist";
				ONLY_ACTIVE_ARCH = NO;
				PRODUCT_BUNDLE_IDENTIFIER = ru.danpashin.RJTranslate;
				PROVISIONING_PROFILE_SPECIFIER = "";
				SUPPORTED_PLATFORMS = "iphonesimulator iphoneos";
				TARGETED_DEVICE_FAMILY = 1;
			};
			name = Release;
		};
		A535340A217A57ED00E08881 /* Debug */ = {
			isa = XCBuildConfiguration;
			buildSettings = {
				APPLY_RULES_IN_COPY_FILES = YES;
				CLANG_ANALYZER_LOCALIZABILITY_NONLOCALIZED = YES;
				CLANG_ANALYZER_NONNULL = YES;
				CLANG_ANALYZER_NUMBER_OBJECT_CONVERSION = YES_AGGRESSIVE;
				CLANG_CXX_LANGUAGE_STANDARD = "gnu++14";
				CLANG_CXX_LIBRARY = "libc++";
				CLANG_ENABLE_MODULES = YES;
				CLANG_ENABLE_OBJC_ARC = YES;
				CLANG_ENABLE_OBJC_WEAK = YES;
				CLANG_WARN_ASSIGN_ENUM = YES;
				CLANG_WARN_BLOCK_CAPTURE_AUTORELEASING = YES;
				CLANG_WARN_BOOL_CONVERSION = YES;
				CLANG_WARN_COMMA = YES;
				CLANG_WARN_CONSTANT_CONVERSION = YES;
				CLANG_WARN_DEPRECATED_OBJC_IMPLEMENTATIONS = YES;
				CLANG_WARN_DIRECT_OBJC_ISA_USAGE = YES_ERROR;
				CLANG_WARN_DOCUMENTATION_COMMENTS = YES;
				CLANG_WARN_EMPTY_BODY = YES;
				CLANG_WARN_ENUM_CONVERSION = YES;
				CLANG_WARN_INFINITE_RECURSION = YES;
				CLANG_WARN_INT_CONVERSION = YES;
				CLANG_WARN_NON_LITERAL_NULL_CONVERSION = YES;
				CLANG_WARN_OBJC_IMPLICIT_RETAIN_SELF = YES;
				CLANG_WARN_OBJC_LITERAL_CONVERSION = YES;
				CLANG_WARN_OBJC_ROOT_CLASS = YES_ERROR;
				CLANG_WARN_RANGE_LOOP_ANALYSIS = YES;
				CLANG_WARN_SEMICOLON_BEFORE_METHOD_BODY = YES;
				CLANG_WARN_STRICT_PROTOTYPES = YES;
				CLANG_WARN_SUSPICIOUS_IMPLICIT_CONVERSION = YES;
				CLANG_WARN_SUSPICIOUS_MOVE = YES;
				CLANG_WARN_UNGUARDED_AVAILABILITY = YES_AGGRESSIVE;
				CLANG_WARN_UNREACHABLE_CODE = YES;
				CLANG_WARN__DUPLICATE_METHOD_MATCH = YES;
				CODE_SIGN_IDENTITY = "iPhone Developer";
				CURRENT_PROJECT_VERSION = 0.3;
				DEBUG_INFORMATION_FORMAT = "dwarf-with-dsym";
				DEVELOPMENT_TEAM = VW97WHTS78;
				ENABLE_STRICT_OBJC_MSGSEND = YES;
				ENABLE_TESTABILITY = YES;
				EXCLUDED_RECURSIVE_SEARCH_PATH_SUBDIRECTORIES = "*.nib *.lproj *.gch (*) .DS_Store CVS .svn .git .hg *.xcodeproj *.xcode *.pbproj *.pbxproj";
				FRAMEWORK_SEARCH_PATHS = "$(iOSOpenDevPath)/frameworks/**";
				GCC_C_LANGUAGE_STANDARD = gnu11;
				GCC_DYNAMIC_NO_PIC = NO;
				GCC_NO_COMMON_BLOCKS = YES;
				GCC_OPTIMIZATION_LEVEL = 0;
				GCC_PRECOMPILE_PREFIX_HEADER = YES;
				GCC_PREFIX_HEADER = RJTranslate/PrefixHeader.pch;
				GCC_PREPROCESSOR_DEFINITIONS = (
					"DEBUG=1",
					"$(inherited)",
				);
				GCC_WARN_64_TO_32_BIT_CONVERSION = YES;
				GCC_WARN_ABOUT_MISSING_FIELD_INITIALIZERS = YES;
				GCC_WARN_ABOUT_MISSING_NEWLINE = YES;
				GCC_WARN_ABOUT_MISSING_PROTOTYPES = YES;
				GCC_WARN_ABOUT_RETURN_TYPE = YES;
				GCC_WARN_INITIALIZER_NOT_FULLY_BRACKETED = YES;
				GCC_WARN_SHADOW = YES;
				GCC_WARN_UNDECLARED_SELECTOR = YES;
				GCC_WARN_UNINITIALIZED_AUTOS = YES_AGGRESSIVE;
				GCC_WARN_UNKNOWN_PRAGMAS = YES;
				GCC_WARN_UNUSED_FUNCTION = YES;
				GCC_WARN_UNUSED_VARIABLE = YES;
				HEADER_SEARCH_PATHS = "$(iOSOpenDevPath)/include/**";
				IPHONEOS_DEPLOYMENT_TARGET = 10.0;
				LIBRARY_SEARCH_PATHS = "$(iOSOpenDevPath)/lib/**";
				MTL_ENABLE_DEBUG_INFO = INCLUDE_SOURCE;
				MTL_FAST_MATH = YES;
				ONLY_ACTIVE_ARCH = YES;
				PRODUCT_BUNDLE_IDENTIFIER = ru.danpashin.RJTranslate;
				PRODUCT_NAME = RJTranslate;
				SDKROOT = iphoneos;
				SUPPORTED_PLATFORMS = iphoneos;
				TARGETED_DEVICE_FAMILY = "1,2";
				VALID_ARCHS = "arm64 armv7";
				iOSOpenDevPath = /opt/iOSOpenDev;
			};
			name = Debug;
		};
		A535340B217A57ED00E08881 /* Release */ = {
			isa = XCBuildConfiguration;
			buildSettings = {
				APPLY_RULES_IN_COPY_FILES = YES;
				CLANG_ANALYZER_LOCALIZABILITY_NONLOCALIZED = YES;
				CLANG_ANALYZER_NONNULL = YES;
				CLANG_ANALYZER_NUMBER_OBJECT_CONVERSION = YES_AGGRESSIVE;
				CLANG_CXX_LANGUAGE_STANDARD = "gnu++14";
				CLANG_CXX_LIBRARY = "libc++";
				CLANG_ENABLE_MODULES = YES;
				CLANG_ENABLE_OBJC_ARC = YES;
				CLANG_ENABLE_OBJC_WEAK = YES;
				CLANG_WARN_ASSIGN_ENUM = YES;
				CLANG_WARN_BLOCK_CAPTURE_AUTORELEASING = YES;
				CLANG_WARN_BOOL_CONVERSION = YES;
				CLANG_WARN_COMMA = YES;
				CLANG_WARN_CONSTANT_CONVERSION = YES;
				CLANG_WARN_DEPRECATED_OBJC_IMPLEMENTATIONS = YES;
				CLANG_WARN_DIRECT_OBJC_ISA_USAGE = YES_ERROR;
				CLANG_WARN_DOCUMENTATION_COMMENTS = YES;
				CLANG_WARN_EMPTY_BODY = YES;
				CLANG_WARN_ENUM_CONVERSION = YES;
				CLANG_WARN_INFINITE_RECURSION = YES;
				CLANG_WARN_INT_CONVERSION = YES;
				CLANG_WARN_NON_LITERAL_NULL_CONVERSION = YES;
				CLANG_WARN_OBJC_IMPLICIT_RETAIN_SELF = YES;
				CLANG_WARN_OBJC_LITERAL_CONVERSION = YES;
				CLANG_WARN_OBJC_ROOT_CLASS = YES_ERROR;
				CLANG_WARN_RANGE_LOOP_ANALYSIS = YES;
				CLANG_WARN_SEMICOLON_BEFORE_METHOD_BODY = YES;
				CLANG_WARN_STRICT_PROTOTYPES = YES;
				CLANG_WARN_SUSPICIOUS_IMPLICIT_CONVERSION = YES;
				CLANG_WARN_SUSPICIOUS_MOVE = YES;
				CLANG_WARN_UNGUARDED_AVAILABILITY = YES_AGGRESSIVE;
				CLANG_WARN_UNREACHABLE_CODE = YES;
				CLANG_WARN__DUPLICATE_METHOD_MATCH = YES;
				CODE_SIGN_IDENTITY = "iPhone Developer";
				CURRENT_PROJECT_VERSION = 0.3;
				DEBUG_INFORMATION_FORMAT = "dwarf-with-dsym";
				DEVELOPMENT_TEAM = VW97WHTS78;
				ENABLE_NS_ASSERTIONS = NO;
				ENABLE_STRICT_OBJC_MSGSEND = YES;
				EXCLUDED_RECURSIVE_SEARCH_PATH_SUBDIRECTORIES = "*.nib *.lproj *.gch (*) .DS_Store CVS .svn .git .hg *.xcodeproj *.xcode *.pbproj *.pbxproj";
				FRAMEWORK_SEARCH_PATHS = "$(iOSOpenDevPath)/frameworks/**";
				GCC_C_LANGUAGE_STANDARD = gnu11;
				GCC_NO_COMMON_BLOCKS = YES;
				GCC_PRECOMPILE_PREFIX_HEADER = YES;
				GCC_PREFIX_HEADER = RJTranslate/PrefixHeader.pch;
				GCC_WARN_64_TO_32_BIT_CONVERSION = YES;
				GCC_WARN_ABOUT_MISSING_FIELD_INITIALIZERS = YES;
				GCC_WARN_ABOUT_MISSING_NEWLINE = YES;
				GCC_WARN_ABOUT_MISSING_PROTOTYPES = YES;
				GCC_WARN_ABOUT_RETURN_TYPE = YES;
				GCC_WARN_INITIALIZER_NOT_FULLY_BRACKETED = YES;
				GCC_WARN_SHADOW = YES;
				GCC_WARN_UNDECLARED_SELECTOR = YES;
				GCC_WARN_UNINITIALIZED_AUTOS = YES_AGGRESSIVE;
				GCC_WARN_UNKNOWN_PRAGMAS = YES;
				GCC_WARN_UNUSED_FUNCTION = YES;
				GCC_WARN_UNUSED_VARIABLE = YES;
				HEADER_SEARCH_PATHS = "$(iOSOpenDevPath)/include/**";
				IPHONEOS_DEPLOYMENT_TARGET = 10.0;
				LIBRARY_SEARCH_PATHS = "$(iOSOpenDevPath)/lib/**";
				MTL_ENABLE_DEBUG_INFO = NO;
				MTL_FAST_MATH = YES;
				ONLY_ACTIVE_ARCH = NO;
				PRODUCT_BUNDLE_IDENTIFIER = ru.danpashin.RJTranslate;
				PRODUCT_NAME = RJTranslate;
				SDKROOT = iphoneos;
				SUPPORTED_PLATFORMS = iphoneos;
				TARGETED_DEVICE_FAMILY = "1,2";
				VALIDATE_PRODUCT = YES;
				VALID_ARCHS = "arm64 armv7";
				iOSOpenDevPath = /opt/iOSOpenDev;
			};
			name = Release;
		};
		A535340D217A57ED00E08881 /* Debug */ = {
			isa = XCBuildConfiguration;
			baseConfigurationReference = C442FAAA903384EF3A1DF395 /* Pods-RJTranslate.debug.xcconfig */;
			buildSettings = {
				GCC_PREPROCESSOR_DEFINITIONS = (
					"$(inherited)",
					"BUILD_TWEAK=1",
				);
				INSTALL_PATH = /Library/MobileSubstrate/DynamicLibraries;
				PRODUCT_NAME = "$(TARGET_NAME)";
				TARGETED_DEVICE_FAMILY = "1,2";
			};
			name = Debug;
		};
		A535340E217A57ED00E08881 /* Release */ = {
			isa = XCBuildConfiguration;
			baseConfigurationReference = A7448D1A9FAB2BCD471A34BC /* Pods-RJTranslate.release.xcconfig */;
			buildSettings = {
				GCC_PREPROCESSOR_DEFINITIONS = (
					"$(inherited)",
					"BUILD_TWEAK=1",
				);
				INSTALL_PATH = /Library/MobileSubstrate/DynamicLibraries;
				PRODUCT_NAME = "$(TARGET_NAME)";
				TARGETED_DEVICE_FAMILY = "1,2";
			};
			name = Release;
		};
/* End XCBuildConfiguration section */

/* Begin XCConfigurationList section */
		A522F1DC217AFC310085A5E4 /* Build configuration list for PBXNativeTarget "RJTranslate-App" */ = {
			isa = XCConfigurationList;
			buildConfigurations = (
				A522F1DD217AFC310085A5E4 /* Debug */,
				A522F1DE217AFC310085A5E4 /* Release */,
			);
			defaultConfigurationIsVisible = 0;
			defaultConfigurationName = Release;
		};
		A53533F5217A57ED00E08881 /* Build configuration list for PBXProject "RJTranslate" */ = {
			isa = XCConfigurationList;
			buildConfigurations = (
				A535340A217A57ED00E08881 /* Debug */,
				A535340B217A57ED00E08881 /* Release */,
			);
			defaultConfigurationIsVisible = 0;
			defaultConfigurationName = Release;
		};
		A535340C217A57ED00E08881 /* Build configuration list for PBXNativeTarget "RJTranslate" */ = {
			isa = XCConfigurationList;
			buildConfigurations = (
				A535340D217A57ED00E08881 /* Debug */,
				A535340E217A57ED00E08881 /* Release */,
			);
			defaultConfigurationIsVisible = 0;
			defaultConfigurationName = Release;
		};
/* End XCConfigurationList section */

/* Begin XCVersionGroup section */
		A535340F217A584500E08881 /* RJTranslate.xcdatamodeld */ = {
			isa = XCVersionGroup;
			children = (
				A5353410217A584500E08881 /* RJTranslate.xcdatamodel */,
			);
			currentVersion = A5353410217A584500E08881 /* RJTranslate.xcdatamodel */;
			path = RJTranslate.xcdatamodeld;
			sourceTree = "<group>";
			versionGroupType = wrapper.xcdatamodel;
		};
/* End XCVersionGroup section */
	};
	rootObject = A53533F2217A57ED00E08881 /* Project object */;
}
