PODS:
  - DZNEmptyDataSet (1.8.1)
  - SSZipArchive (2.1.4)

DEPENDENCIES:
  - DZNEmptyDataSet
  - SSZipArchive

SPEC REPOS:
  https://github.com/cocoapods/specs.git:
    - DZNEmptyDataSet
    - SSZipArchive

SPEC CHECKSUMS:
  DZNEmptyDataSet: 9525833b9e68ac21c30253e1d3d7076cc828eaa7
  SSZipArchive: 41455d4b8d2b6ab93990820b50dc697c2554a322

PODFILE CHECKSUM: 67000d924d2c8234dc2f03456340447320e0f3ff

COCOAPODS: 1.5.3
